// !$*UTF8*$!
{
	archiveVersion = 1;
	classes = {
	};
	objectVersion = 55;
	objects = {

/* Begin PBXBuildFile section */
		CB1A52C529FB849800B4FF69 /* MainViewController.swift in Sources */ = {isa = PBXBuildFile; fileRef = CB1A52C429FB849800B4FF69 /* MainViewController.swift */; };
		CB1A52CD29FB863B00B4FF69 /* BaseCollectionViewCell.swift in Sources */ = {isa = PBXBuildFile; fileRef = CB1A52CC29FB863B00B4FF69 /* BaseCollectionViewCell.swift */; };
		CB1A52CF29FB864F00B4FF69 /* BaseTableViewCell.swift in Sources */ = {isa = PBXBuildFile; fileRef = CB1A52CE29FB864F00B4FF69 /* BaseTableViewCell.swift */; };
		CB2B2AB728B6A35200EDEC8D /* Alamofire in Frameworks */ = {isa = PBXBuildFile; productRef = CB2B2AB628B6A35200EDEC8D /* Alamofire */; };
		CB2B2ABD28B7540200EDEC8D /* Lottie in Frameworks */ = {isa = PBXBuildFile; productRef = CB2B2ABC28B7540200EDEC8D /* Lottie */; };
		CB2B2ABF28B754E800EDEC8D /* loading.json in Resources */ = {isa = PBXBuildFile; fileRef = CB2B2ABE28B754E800EDEC8D /* loading.json */; };
		CB41AB0229FCFAF000AF5729 /* FirebaseAnalytics in Frameworks */ = {isa = PBXBuildFile; productRef = CB41AB0129FCFAF000AF5729 /* FirebaseAnalytics */; };
		CB41AB0429FCFAF000AF5729 /* FirebaseAnalyticsSwift in Frameworks */ = {isa = PBXBuildFile; productRef = CB41AB0329FCFAF000AF5729 /* FirebaseAnalyticsSwift */; };
		CB41AB0629FCFAF000AF5729 /* FirebaseAuth in Frameworks */ = {isa = PBXBuildFile; productRef = CB41AB0529FCFAF000AF5729 /* FirebaseAuth */; };
		CB41AB0829FCFAF000AF5729 /* FirebaseFirestore in Frameworks */ = {isa = PBXBuildFile; productRef = CB41AB0729FCFAF000AF5729 /* FirebaseFirestore */; };
		CB41AB0A29FCFAF000AF5729 /* FirebaseFirestoreSwift in Frameworks */ = {isa = PBXBuildFile; productRef = CB41AB0929FCFAF000AF5729 /* FirebaseFirestoreSwift */; };
		CB41AB0C29FCFAF000AF5729 /* FirebaseStorage in Frameworks */ = {isa = PBXBuildFile; productRef = CB41AB0B29FCFAF000AF5729 /* FirebaseStorage */; };
		CB41AB0F29FCFB0700AF5729 /* SDWebImage in Frameworks */ = {isa = PBXBuildFile; productRef = CB41AB0E29FCFB0700AF5729 /* SDWebImage */; };
		CB41AB1129FCFB1B00AF5729 /* GoogleService-Info.plist in Resources */ = {isa = PBXBuildFile; fileRef = CB41AB1029FCFB1B00AF5729 /* GoogleService-Info.plist */; };
		CB41AB1329FCFB2B00AF5729 /* FirebaseManager.swift in Sources */ = {isa = PBXBuildFile; fileRef = CB41AB1229FCFB2B00AF5729 /* FirebaseManager.swift */; };
		CB41AB1729FCFBCD00AF5729 /* Model.swift in Sources */ = {isa = PBXBuildFile; fileRef = CB41AB1629FCFBCD00AF5729 /* Model.swift */; };
		CB9E777A28BBE32A0072DB9A /* UIColor+Extension.swift in Sources */ = {isa = PBXBuildFile; fileRef = CB9E777928BBE32A0072DB9A /* UIColor+Extension.swift */; };
		CB9E777D28BBFB000072DB9A /* InfoPlist.strings in Resources */ = {isa = PBXBuildFile; fileRef = CB9E777F28BBFB000072DB9A /* InfoPlist.strings */; };
		CBA34D9629FC24CA002D6ECB /* RankCollectionViewCell.swift in Sources */ = {isa = PBXBuildFile; fileRef = CBA34D9529FC24CA002D6ECB /* RankCollectionViewCell.swift */; };
		CBA34D9829FC27B4002D6ECB /* UICollectionView.swift in Sources */ = {isa = PBXBuildFile; fileRef = CBA34D9729FC27B4002D6ECB /* UICollectionView.swift */; };
		CBA34D9A29FC27CE002D6ECB /* NSObject+Extension.swift in Sources */ = {isa = PBXBuildFile; fileRef = CBA34D9929FC27CE002D6ECB /* NSObject+Extension.swift */; };
		CBA34D9D29FC2A34002D6ECB /* HelpButton.swift in Sources */ = {isa = PBXBuildFile; fileRef = CBA34D9C29FC2A34002D6ECB /* HelpButton.swift */; };
		CBA34DA029FC2C4E002D6ECB /* HelpViewController.swift in Sources */ = {isa = PBXBuildFile; fileRef = CBA34D9F29FC2C4E002D6ECB /* HelpViewController.swift */; };
		CBA34DA429FC2C77002D6ECB /* GradeInfoCollectionViewCell.swift in Sources */ = {isa = PBXBuildFile; fileRef = CBA34DA329FC2C77002D6ECB /* GradeInfoCollectionViewCell.swift */; };
		CBA34DA629FC319E002D6ECB /* MSegmentedControl.swift in Sources */ = {isa = PBXBuildFile; fileRef = CBA34DA529FC319E002D6ECB /* MSegmentedControl.swift */; };
		CBE1A3AA28B4543400D173AB /* CoreGraphicsExtensions.swift in Sources */ = {isa = PBXBuildFile; fileRef = CBE1A3A928B4543400D173AB /* CoreGraphicsExtensions.swift */; };
		CBE1A3AC28B4544600D173AB /* UIView+Extension.swift in Sources */ = {isa = PBXBuildFile; fileRef = CBE1A3AB28B4544600D173AB /* UIView+Extension.swift */; };
		CBE1A3B028B457E800D173AB /* UIViewController+Extension.swift in Sources */ = {isa = PBXBuildFile; fileRef = CBE1A3AF28B457E800D173AB /* UIViewController+Extension.swift */; };
		CBE1A3B228B4588800D173AB /* BaseViewController.swift in Sources */ = {isa = PBXBuildFile; fileRef = CBE1A3B128B4588800D173AB /* BaseViewController.swift */; };
		CBE1A3B428B458E000D173AB /* BackButton.swift in Sources */ = {isa = PBXBuildFile; fileRef = CBE1A3B328B458E000D173AB /* BackButton.swift */; };
		CBE1A3B628B458F400D173AB /* ImageLiterals.swift in Sources */ = {isa = PBXBuildFile; fileRef = CBE1A3B528B458F400D173AB /* ImageLiterals.swift */; };
		CBE1A3B828B4738C00D173AB /* FaceResultViewController.swift in Sources */ = {isa = PBXBuildFile; fileRef = CBE1A3B728B4738C00D173AB /* FaceResultViewController.swift */; };
		CBE1A3BA28B473FB00D173AB /* FaceManager.swift in Sources */ = {isa = PBXBuildFile; fileRef = CBE1A3B928B473FB00D173AB /* FaceManager.swift */; };
		CBE688F328B5D7A300720D32 /* UIFont+Extension.swift in Sources */ = {isa = PBXBuildFile; fileRef = CBE688F228B5D7A300720D32 /* UIFont+Extension.swift */; };
		CBE688F528B6225C00720D32 /* SangSangAnt.otf in Resources */ = {isa = PBXBuildFile; fileRef = CBE688F428B6225C00720D32 /* SangSangAnt.otf */; };
		CBFCDC1E28B3684D004BCB27 /* AppDelegate.swift in Sources */ = {isa = PBXBuildFile; fileRef = CBFCDC1D28B3684D004BCB27 /* AppDelegate.swift */; };
		CBFCDC2028B3684D004BCB27 /* SceneDelegate.swift in Sources */ = {isa = PBXBuildFile; fileRef = CBFCDC1F28B3684D004BCB27 /* SceneDelegate.swift */; };
		CBFCDC2228B3684D004BCB27 /* FaceDetectionViewController.swift in Sources */ = {isa = PBXBuildFile; fileRef = CBFCDC2128B3684D004BCB27 /* FaceDetectionViewController.swift */; };
		CBFCDC2728B3684E004BCB27 /* Assets.xcassets in Resources */ = {isa = PBXBuildFile; fileRef = CBFCDC2628B3684E004BCB27 /* Assets.xcassets */; };
		CBFCDC2A28B3684E004BCB27 /* LaunchScreen.storyboard in Resources */ = {isa = PBXBuildFile; fileRef = CBFCDC2828B3684E004BCB27 /* LaunchScreen.storyboard */; };
/* End PBXBuildFile section */

/* Begin PBXFileReference section */
		CB1A52C429FB849800B4FF69 /* MainViewController.swift */ = {isa = PBXFileReference; lastKnownFileType = sourcecode.swift; path = MainViewController.swift; sourceTree = "<group>"; };
		CB1A52CC29FB863B00B4FF69 /* BaseCollectionViewCell.swift */ = {isa = PBXFileReference; lastKnownFileType = sourcecode.swift; path = BaseCollectionViewCell.swift; sourceTree = "<group>"; };
		CB1A52CE29FB864F00B4FF69 /* BaseTableViewCell.swift */ = {isa = PBXFileReference; lastKnownFileType = sourcecode.swift; path = BaseTableViewCell.swift; sourceTree = "<group>"; };
		CB2B2ABE28B754E800EDEC8D /* loading.json */ = {isa = PBXFileReference; fileEncoding = 4; lastKnownFileType = text.json; path = loading.json; sourceTree = "<group>"; };
		CB41AB1029FCFB1B00AF5729 /* GoogleService-Info.plist */ = {isa = PBXFileReference; fileEncoding = 4; lastKnownFileType = text.plist.xml; path = "GoogleService-Info.plist"; sourceTree = "<group>"; };
		CB41AB1229FCFB2B00AF5729 /* FirebaseManager.swift */ = {isa = PBXFileReference; lastKnownFileType = sourcecode.swift; path = FirebaseManager.swift; sourceTree = "<group>"; };
		CB41AB1629FCFBCD00AF5729 /* Model.swift */ = {isa = PBXFileReference; lastKnownFileType = sourcecode.swift; path = Model.swift; sourceTree = "<group>"; };
		CB9E777928BBE32A0072DB9A /* UIColor+Extension.swift */ = {isa = PBXFileReference; lastKnownFileType = sourcecode.swift; path = "UIColor+Extension.swift"; sourceTree = "<group>"; };
		CB9E777E28BBFB000072DB9A /* en */ = {isa = PBXFileReference; lastKnownFileType = text.plist.strings; name = en; path = en.lproj/InfoPlist.strings; sourceTree = "<group>"; };
		CB9E778028BBFB1C0072DB9A /* ko */ = {isa = PBXFileReference; lastKnownFileType = text.plist.strings; name = ko; path = ko.lproj/InfoPlist.strings; sourceTree = "<group>"; };
		CBA34D9529FC24CA002D6ECB /* RankCollectionViewCell.swift */ = {isa = PBXFileReference; lastKnownFileType = sourcecode.swift; path = RankCollectionViewCell.swift; sourceTree = "<group>"; };
		CBA34D9729FC27B4002D6ECB /* UICollectionView.swift */ = {isa = PBXFileReference; lastKnownFileType = sourcecode.swift; path = UICollectionView.swift; sourceTree = "<group>"; };
		CBA34D9929FC27CE002D6ECB /* NSObject+Extension.swift */ = {isa = PBXFileReference; lastKnownFileType = sourcecode.swift; path = "NSObject+Extension.swift"; sourceTree = "<group>"; };
		CBA34D9C29FC2A34002D6ECB /* HelpButton.swift */ = {isa = PBXFileReference; lastKnownFileType = sourcecode.swift; path = HelpButton.swift; sourceTree = "<group>"; };
		CBA34D9F29FC2C4E002D6ECB /* HelpViewController.swift */ = {isa = PBXFileReference; lastKnownFileType = sourcecode.swift; path = HelpViewController.swift; sourceTree = "<group>"; };
		CBA34DA329FC2C77002D6ECB /* GradeInfoCollectionViewCell.swift */ = {isa = PBXFileReference; lastKnownFileType = sourcecode.swift; path = GradeInfoCollectionViewCell.swift; sourceTree = "<group>"; };
		CBA34DA529FC319E002D6ECB /* MSegmentedControl.swift */ = {isa = PBXFileReference; lastKnownFileType = sourcecode.swift; path = MSegmentedControl.swift; sourceTree = "<group>"; };
		CBE1A3A928B4543400D173AB /* CoreGraphicsExtensions.swift */ = {isa = PBXFileReference; lastKnownFileType = sourcecode.swift; path = CoreGraphicsExtensions.swift; sourceTree = "<group>"; };
		CBE1A3AB28B4544600D173AB /* UIView+Extension.swift */ = {isa = PBXFileReference; lastKnownFileType = sourcecode.swift; path = "UIView+Extension.swift"; sourceTree = "<group>"; };
		CBE1A3AF28B457E800D173AB /* UIViewController+Extension.swift */ = {isa = PBXFileReference; lastKnownFileType = sourcecode.swift; path = "UIViewController+Extension.swift"; sourceTree = "<group>"; };
		CBE1A3B128B4588800D173AB /* BaseViewController.swift */ = {isa = PBXFileReference; lastKnownFileType = sourcecode.swift; path = BaseViewController.swift; sourceTree = "<group>"; };
		CBE1A3B328B458E000D173AB /* BackButton.swift */ = {isa = PBXFileReference; lastKnownFileType = sourcecode.swift; path = BackButton.swift; sourceTree = "<group>"; };
		CBE1A3B528B458F400D173AB /* ImageLiterals.swift */ = {isa = PBXFileReference; lastKnownFileType = sourcecode.swift; path = ImageLiterals.swift; sourceTree = "<group>"; };
		CBE1A3B728B4738C00D173AB /* FaceResultViewController.swift */ = {isa = PBXFileReference; lastKnownFileType = sourcecode.swift; path = FaceResultViewController.swift; sourceTree = "<group>"; };
		CBE1A3B928B473FB00D173AB /* FaceManager.swift */ = {isa = PBXFileReference; lastKnownFileType = sourcecode.swift; path = FaceManager.swift; sourceTree = "<group>"; };
		CBE688F228B5D7A300720D32 /* UIFont+Extension.swift */ = {isa = PBXFileReference; lastKnownFileType = sourcecode.swift; path = "UIFont+Extension.swift"; sourceTree = "<group>"; };
		CBE688F428B6225C00720D32 /* SangSangAnt.otf */ = {isa = PBXFileReference; lastKnownFileType = file; path = SangSangAnt.otf; sourceTree = "<group>"; };
		CBFCDC1A28B3684D004BCB27 /* FaceReader.app */ = {isa = PBXFileReference; explicitFileType = wrapper.application; includeInIndex = 0; path = FaceReader.app; sourceTree = BUILT_PRODUCTS_DIR; };
		CBFCDC1D28B3684D004BCB27 /* AppDelegate.swift */ = {isa = PBXFileReference; lastKnownFileType = sourcecode.swift; path = AppDelegate.swift; sourceTree = "<group>"; };
		CBFCDC1F28B3684D004BCB27 /* SceneDelegate.swift */ = {isa = PBXFileReference; lastKnownFileType = sourcecode.swift; path = SceneDelegate.swift; sourceTree = "<group>"; };
		CBFCDC2128B3684D004BCB27 /* FaceDetectionViewController.swift */ = {isa = PBXFileReference; lastKnownFileType = sourcecode.swift; path = FaceDetectionViewController.swift; sourceTree = "<group>"; };
		CBFCDC2628B3684E004BCB27 /* Assets.xcassets */ = {isa = PBXFileReference; lastKnownFileType = folder.assetcatalog; path = Assets.xcassets; sourceTree = "<group>"; };
		CBFCDC2928B3684E004BCB27 /* Base */ = {isa = PBXFileReference; lastKnownFileType = file.storyboard; name = Base; path = Base.lproj/LaunchScreen.storyboard; sourceTree = "<group>"; };
		CBFCDC2B28B3684E004BCB27 /* Info.plist */ = {isa = PBXFileReference; lastKnownFileType = text.plist.xml; path = Info.plist; sourceTree = "<group>"; };
/* End PBXFileReference section */

/* Begin PBXFrameworksBuildPhase section */
		CBFCDC1728B3684D004BCB27 /* Frameworks */ = {
			isa = PBXFrameworksBuildPhase;
			buildActionMask = 2147483647;
			files = (
				CB41AB0429FCFAF000AF5729 /* FirebaseAnalyticsSwift in Frameworks */,
				CB41AB0629FCFAF000AF5729 /* FirebaseAuth in Frameworks */,
				CB2B2AB728B6A35200EDEC8D /* Alamofire in Frameworks */,
				CB41AB0A29FCFAF000AF5729 /* FirebaseFirestoreSwift in Frameworks */,
				CB2B2ABD28B7540200EDEC8D /* Lottie in Frameworks */,
				CB41AB0C29FCFAF000AF5729 /* FirebaseStorage in Frameworks */,
				CB41AB0F29FCFB0700AF5729 /* SDWebImage in Frameworks */,
				CB41AB0229FCFAF000AF5729 /* FirebaseAnalytics in Frameworks */,
				CB41AB0829FCFAF000AF5729 /* FirebaseFirestore in Frameworks */,
			);
			runOnlyForDeploymentPostprocessing = 0;
		};
/* End PBXFrameworksBuildPhase section */

/* Begin PBXGroup section */
		CB1A52C629FB84FE00B4FF69 /* Face */ = {
			isa = PBXGroup;
			children = (
				CBFCDC2128B3684D004BCB27 /* FaceDetectionViewController.swift */,
				CBE1A3B728B4738C00D173AB /* FaceResultViewController.swift */,
			);
			path = Face;
			sourceTree = "<group>";
		};
		CB1A52C729FB851200B4FF69 /* Main */ = {
			isa = PBXGroup;
			children = (
				CB1A52C929FB85C100B4FF69 /* Cell */,
				CB1A52C429FB849800B4FF69 /* MainViewController.swift */,
			);
			path = Main;
			sourceTree = "<group>";
		};
		CB1A52C929FB85C100B4FF69 /* Cell */ = {
			isa = PBXGroup;
			children = (
				CBA34D9529FC24CA002D6ECB /* RankCollectionViewCell.swift */,
			);
			path = Cell;
			sourceTree = "<group>";
		};
		CBA34D9E29FC2C3F002D6ECB /* Help */ = {
			isa = PBXGroup;
			children = (
				CBA34DA229FC2C59002D6ECB /* UIComponet */,
				CBA34DA129FC2C55002D6ECB /* Cell */,
				CBA34D9F29FC2C4E002D6ECB /* HelpViewController.swift */,
			);
			path = Help;
			sourceTree = "<group>";
		};
		CBA34DA129FC2C55002D6ECB /* Cell */ = {
			isa = PBXGroup;
			children = (
				CBA34DA329FC2C77002D6ECB /* GradeInfoCollectionViewCell.swift */,
			);
			path = Cell;
			sourceTree = "<group>";
		};
		CBA34DA229FC2C59002D6ECB /* UIComponet */ = {
			isa = PBXGroup;
			children = (
			);
			path = UIComponet;
			sourceTree = "<group>";
		};
		CBE1A3A828B4542500D173AB /* Extensions */ = {
			isa = PBXGroup;
			children = (
				CBE1A3A928B4543400D173AB /* CoreGraphicsExtensions.swift */,
				CBE1A3AB28B4544600D173AB /* UIView+Extension.swift */,
				CBE1A3AF28B457E800D173AB /* UIViewController+Extension.swift */,
				CBE688F228B5D7A300720D32 /* UIFont+Extension.swift */,
				CB9E777928BBE32A0072DB9A /* UIColor+Extension.swift */,
				CBA34D9729FC27B4002D6ECB /* UICollectionView.swift */,
				CBA34D9929FC27CE002D6ECB /* NSObject+Extension.swift */,
			);
			path = Extensions;
			sourceTree = "<group>";
		};
		CBE1A3BB28B47C5800D173AB /* Screen */ = {
			isa = PBXGroup;
			children = (
				CB1A52C729FB851200B4FF69 /* Main */,
				CBA34D9E29FC2C3F002D6ECB /* Help */,
				CB1A52C629FB84FE00B4FF69 /* Face */,
			);
			path = Screen;
			sourceTree = "<group>";
		};
		CBE1A3BC28B47C6E00D173AB /* Global */ = {
			isa = PBXGroup;
			children = (
				CBE1A3C228B47CE400D173AB /* Utils */,
				CBE1A3C128B47CD300D173AB /* Resource */,
				CBE1A3BF28B47C9F00D173AB /* Support */,
				CBE1A3C028B47CB900D173AB /* UIComponent */,
				CBE1A3BE28B47C9200D173AB /* Literal */,
				CBE1A3BD28B47C8300D173AB /* Base */,
				CBE1A3A828B4542500D173AB /* Extensions */,
			);
			path = Global;
			sourceTree = "<group>";
		};
		CBE1A3BD28B47C8300D173AB /* Base */ = {
			isa = PBXGroup;
			children = (
				CBE1A3B128B4588800D173AB /* BaseViewController.swift */,
				CB1A52CC29FB863B00B4FF69 /* BaseCollectionViewCell.swift */,
				CB1A52CE29FB864F00B4FF69 /* BaseTableViewCell.swift */,
			);
			path = Base;
			sourceTree = "<group>";
		};
		CBE1A3BE28B47C9200D173AB /* Literal */ = {
			isa = PBXGroup;
			children = (
				CBE1A3B528B458F400D173AB /* ImageLiterals.swift */,
			);
			path = Literal;
			sourceTree = "<group>";
		};
		CBE1A3BF28B47C9F00D173AB /* Support */ = {
			isa = PBXGroup;
			children = (
				CBFCDC1D28B3684D004BCB27 /* AppDelegate.swift */,
				CBFCDC1F28B3684D004BCB27 /* SceneDelegate.swift */,
				CBFCDC2B28B3684E004BCB27 /* Info.plist */,
				CB41AB1029FCFB1B00AF5729 /* GoogleService-Info.plist */,
				CB9E777F28BBFB000072DB9A /* InfoPlist.strings */,
			);
			path = Support;
			sourceTree = "<group>";
		};
		CBE1A3C028B47CB900D173AB /* UIComponent */ = {
			isa = PBXGroup;
			children = (
				CBE1A3B328B458E000D173AB /* BackButton.swift */,
				CBA34D9C29FC2A34002D6ECB /* HelpButton.swift */,
				CBA34DA529FC319E002D6ECB /* MSegmentedControl.swift */,
			);
			path = UIComponent;
			sourceTree = "<group>";
		};
		CBE1A3C128B47CD300D173AB /* Resource */ = {
			isa = PBXGroup;
			children = (
				CBE688F028B5D1B200720D32 /* Fonts */,
				CBFCDC2628B3684E004BCB27 /* Assets.xcassets */,
				CBFCDC2828B3684E004BCB27 /* LaunchScreen.storyboard */,
				CB2B2ABE28B754E800EDEC8D /* loading.json */,
			);
			path = Resource;
			sourceTree = "<group>";
		};
		CBE1A3C228B47CE400D173AB /* Utils */ = {
			isa = PBXGroup;
			children = (
				CBE1A3B928B473FB00D173AB /* FaceManager.swift */,
				CB41AB1229FCFB2B00AF5729 /* FirebaseManager.swift */,
				CB41AB1629FCFBCD00AF5729 /* Model.swift */,
			);
			path = Utils;
			sourceTree = "<group>";
		};
		CBE688F028B5D1B200720D32 /* Fonts */ = {
			isa = PBXGroup;
			children = (
				CBE688F428B6225C00720D32 /* SangSangAnt.otf */,
			);
			path = Fonts;
			sourceTree = "<group>";
		};
		CBFCDC1128B3684D004BCB27 = {
			isa = PBXGroup;
			children = (
				CBFCDC1C28B3684D004BCB27 /* FaceReader */,
				CBFCDC1B28B3684D004BCB27 /* Products */,
			);
			sourceTree = "<group>";
		};
		CBFCDC1B28B3684D004BCB27 /* Products */ = {
			isa = PBXGroup;
			children = (
				CBFCDC1A28B3684D004BCB27 /* FaceReader.app */,
			);
			name = Products;
			sourceTree = "<group>";
		};
		CBFCDC1C28B3684D004BCB27 /* FaceReader */ = {
			isa = PBXGroup;
			children = (
				CBE1A3BB28B47C5800D173AB /* Screen */,
				CBE1A3BC28B47C6E00D173AB /* Global */,
			);
			path = FaceReader;
			sourceTree = "<group>";
		};
/* End PBXGroup section */

/* Begin PBXNativeTarget section */
		CBFCDC1928B3684D004BCB27 /* FaceReader */ = {
			isa = PBXNativeTarget;
			buildConfigurationList = CBFCDC2E28B3684E004BCB27 /* Build configuration list for PBXNativeTarget "FaceReader" */;
			buildPhases = (
				CBFCDC1628B3684D004BCB27 /* Sources */,
				CBFCDC1728B3684D004BCB27 /* Frameworks */,
				CBFCDC1828B3684D004BCB27 /* Resources */,
			);
			buildRules = (
			);
			dependencies = (
			);
			name = FaceReader;
			packageProductDependencies = (
				CB2B2AB628B6A35200EDEC8D /* Alamofire */,
				CB2B2ABC28B7540200EDEC8D /* Lottie */,
				CB41AB0129FCFAF000AF5729 /* FirebaseAnalytics */,
				CB41AB0329FCFAF000AF5729 /* FirebaseAnalyticsSwift */,
				CB41AB0529FCFAF000AF5729 /* FirebaseAuth */,
				CB41AB0729FCFAF000AF5729 /* FirebaseFirestore */,
				CB41AB0929FCFAF000AF5729 /* FirebaseFirestoreSwift */,
				CB41AB0B29FCFAF000AF5729 /* FirebaseStorage */,
				CB41AB0E29FCFB0700AF5729 /* SDWebImage */,
			);
			productName = FaceReader;
			productReference = CBFCDC1A28B3684D004BCB27 /* FaceReader.app */;
			productType = "com.apple.product-type.application";
		};
/* End PBXNativeTarget section */

/* Begin PBXProject section */
		CBFCDC1228B3684D004BCB27 /* Project object */ = {
			isa = PBXProject;
			attributes = {
				BuildIndependentTargetsInParallel = 1;
				LastSwiftUpdateCheck = 1340;
				LastUpgradeCheck = 1340;
				TargetAttributes = {
					CBFCDC1928B3684D004BCB27 = {
						CreatedOnToolsVersion = 13.4.1;
					};
				};
			};
			buildConfigurationList = CBFCDC1528B3684D004BCB27 /* Build configuration list for PBXProject "FaceReader" */;
			compatibilityVersion = "Xcode 13.0";
			developmentRegion = ko;
			hasScannedForEncodings = 0;
			knownRegions = (
				en,
				Base,
				ko,
			);
			mainGroup = CBFCDC1128B3684D004BCB27;
			packageReferences = (
				CB2B2AB528B6A35200EDEC8D /* XCRemoteSwiftPackageReference "Alamofire" */,
				CB2B2ABB28B7540200EDEC8D /* XCRemoteSwiftPackageReference "lottie-ios" */,
				CB41AB0029FCFAEF00AF5729 /* XCRemoteSwiftPackageReference "firebase-ios-sdk" */,
				CB41AB0D29FCFB0700AF5729 /* XCRemoteSwiftPackageReference "SDWebImage" */,
			);
			productRefGroup = CBFCDC1B28B3684D004BCB27 /* Products */;
			projectDirPath = "";
			projectRoot = "";
			targets = (
				CBFCDC1928B3684D004BCB27 /* FaceReader */,
			);
		};
/* End PBXProject section */

/* Begin PBXResourcesBuildPhase section */
		CBFCDC1828B3684D004BCB27 /* Resources */ = {
			isa = PBXResourcesBuildPhase;
			buildActionMask = 2147483647;
			files = (
				CBE688F528B6225C00720D32 /* SangSangAnt.otf in Resources */,
				CBFCDC2A28B3684E004BCB27 /* LaunchScreen.storyboard in Resources */,
				CB2B2ABF28B754E800EDEC8D /* loading.json in Resources */,
				CBFCDC2728B3684E004BCB27 /* Assets.xcassets in Resources */,
				CB9E777D28BBFB000072DB9A /* InfoPlist.strings in Resources */,
				CB41AB1129FCFB1B00AF5729 /* GoogleService-Info.plist in Resources */,
			);
			runOnlyForDeploymentPostprocessing = 0;
		};
/* End PBXResourcesBuildPhase section */

/* Begin PBXSourcesBuildPhase section */
		CBFCDC1628B3684D004BCB27 /* Sources */ = {
			isa = PBXSourcesBuildPhase;
			buildActionMask = 2147483647;
			files = (
				CB1A52CF29FB864F00B4FF69 /* BaseTableViewCell.swift in Sources */,
				CBE1A3AC28B4544600D173AB /* UIView+Extension.swift in Sources */,
				CBA34DA429FC2C77002D6ECB /* GradeInfoCollectionViewCell.swift in Sources */,
				CBFCDC2228B3684D004BCB27 /* FaceDetectionViewController.swift in Sources */,
				CBE1A3B828B4738C00D173AB /* FaceResultViewController.swift in Sources */,
				CBE1A3AA28B4543400D173AB /* CoreGraphicsExtensions.swift in Sources */,
				CBFCDC1E28B3684D004BCB27 /* AppDelegate.swift in Sources */,
				CB1A52CD29FB863B00B4FF69 /* BaseCollectionViewCell.swift in Sources */,
				CBA34DA029FC2C4E002D6ECB /* HelpViewController.swift in Sources */,
				CBE1A3B028B457E800D173AB /* UIViewController+Extension.swift in Sources */,
				CB41AB1729FCFBCD00AF5729 /* Model.swift in Sources */,
				CBE688F328B5D7A300720D32 /* UIFont+Extension.swift in Sources */,
				CB1A52C529FB849800B4FF69 /* MainViewController.swift in Sources */,
				CB41AB1329FCFB2B00AF5729 /* FirebaseManager.swift in Sources */,
				CBE1A3B428B458E000D173AB /* BackButton.swift in Sources */,
				CBE1A3BA28B473FB00D173AB /* FaceManager.swift in Sources */,
				CBA34D9829FC27B4002D6ECB /* UICollectionView.swift in Sources */,
				CBA34DA629FC319E002D6ECB /* MSegmentedControl.swift in Sources */,
				CBA34D9629FC24CA002D6ECB /* RankCollectionViewCell.swift in Sources */,
				CBA34D9A29FC27CE002D6ECB /* NSObject+Extension.swift in Sources */,
				CBE1A3B228B4588800D173AB /* BaseViewController.swift in Sources */,
				CBA34D9D29FC2A34002D6ECB /* HelpButton.swift in Sources */,
				CB9E777A28BBE32A0072DB9A /* UIColor+Extension.swift in Sources */,
				CBE1A3B628B458F400D173AB /* ImageLiterals.swift in Sources */,
				CBFCDC2028B3684D004BCB27 /* SceneDelegate.swift in Sources */,
			);
			runOnlyForDeploymentPostprocessing = 0;
		};
/* End PBXSourcesBuildPhase section */

/* Begin PBXVariantGroup section */
		CB9E777F28BBFB000072DB9A /* InfoPlist.strings */ = {
			isa = PBXVariantGroup;
			children = (
				CB9E777E28BBFB000072DB9A /* en */,
				CB9E778028BBFB1C0072DB9A /* ko */,
			);
			name = InfoPlist.strings;
			sourceTree = "<group>";
		};
		CBFCDC2828B3684E004BCB27 /* LaunchScreen.storyboard */ = {
			isa = PBXVariantGroup;
			children = (
				CBFCDC2928B3684E004BCB27 /* Base */,
			);
			name = LaunchScreen.storyboard;
			sourceTree = "<group>";
		};
/* End PBXVariantGroup section */

/* Begin XCBuildConfiguration section */
		CBFCDC2C28B3684E004BCB27 /* Debug */ = {
			isa = XCBuildConfiguration;
			buildSettings = {
				ALWAYS_SEARCH_USER_PATHS = NO;
				CLANG_ANALYZER_LOCALIZABILITY_NONLOCALIZED = YES;
				CLANG_ANALYZER_NONNULL = YES;
				CLANG_ANALYZER_NUMBER_OBJECT_CONVERSION = YES_AGGRESSIVE;
				CLANG_CXX_LANGUAGE_STANDARD = "gnu++17";
				CLANG_ENABLE_MODULES = YES;
				CLANG_ENABLE_OBJC_ARC = YES;
				CLANG_ENABLE_OBJC_WEAK = YES;
				CLANG_WARN_BLOCK_CAPTURE_AUTORELEASING = YES;
				CLANG_WARN_BOOL_CONVERSION = YES;
				CLANG_WARN_COMMA = YES;
				CLANG_WARN_CONSTANT_CONVERSION = YES;
				CLANG_WARN_DEPRECATED_OBJC_IMPLEMENTATIONS = YES;
				CLANG_WARN_DIRECT_OBJC_ISA_USAGE = YES_ERROR;
				CLANG_WARN_DOCUMENTATION_COMMENTS = YES;
				CLANG_WARN_EMPTY_BODY = YES;
				CLANG_WARN_ENUM_CONVERSION = YES;
				CLANG_WARN_INFINITE_RECURSION = YES;
				CLANG_WARN_INT_CONVERSION = YES;
				CLANG_WARN_NON_LITERAL_NULL_CONVERSION = YES;
				CLANG_WARN_OBJC_IMPLICIT_RETAIN_SELF = YES;
				CLANG_WARN_OBJC_LITERAL_CONVERSION = YES;
				CLANG_WARN_OBJC_ROOT_CLASS = YES_ERROR;
				CLANG_WARN_QUOTED_INCLUDE_IN_FRAMEWORK_HEADER = YES;
				CLANG_WARN_RANGE_LOOP_ANALYSIS = YES;
				CLANG_WARN_STRICT_PROTOTYPES = YES;
				CLANG_WARN_SUSPICIOUS_MOVE = YES;
				CLANG_WARN_UNGUARDED_AVAILABILITY = YES_AGGRESSIVE;
				CLANG_WARN_UNREACHABLE_CODE = YES;
				CLANG_WARN__DUPLICATE_METHOD_MATCH = YES;
				COPY_PHASE_STRIP = NO;
				DEBUG_INFORMATION_FORMAT = dwarf;
				ENABLE_STRICT_OBJC_MSGSEND = YES;
				ENABLE_TESTABILITY = YES;
				GCC_C_LANGUAGE_STANDARD = gnu11;
				GCC_DYNAMIC_NO_PIC = NO;
				GCC_NO_COMMON_BLOCKS = YES;
				GCC_OPTIMIZATION_LEVEL = 0;
				GCC_PREPROCESSOR_DEFINITIONS = (
					"DEBUG=1",
					"$(inherited)",
				);
				GCC_WARN_64_TO_32_BIT_CONVERSION = YES;
				GCC_WARN_ABOUT_RETURN_TYPE = YES_ERROR;
				GCC_WARN_UNDECLARED_SELECTOR = YES;
				GCC_WARN_UNINITIALIZED_AUTOS = YES_AGGRESSIVE;
				GCC_WARN_UNUSED_FUNCTION = YES;
				GCC_WARN_UNUSED_VARIABLE = YES;
				IPHONEOS_DEPLOYMENT_TARGET = 15.0;
				MTL_ENABLE_DEBUG_INFO = INCLUDE_SOURCE;
				MTL_FAST_MATH = YES;
				ONLY_ACTIVE_ARCH = YES;
				SDKROOT = iphoneos;
				SWIFT_ACTIVE_COMPILATION_CONDITIONS = DEBUG;
				SWIFT_OPTIMIZATION_LEVEL = "-Onone";
			};
			name = Debug;
		};
		CBFCDC2D28B3684E004BCB27 /* Release */ = {
			isa = XCBuildConfiguration;
			buildSettings = {
				ALWAYS_SEARCH_USER_PATHS = NO;
				CLANG_ANALYZER_LOCALIZABILITY_NONLOCALIZED = YES;
				CLANG_ANALYZER_NONNULL = YES;
				CLANG_ANALYZER_NUMBER_OBJECT_CONVERSION = YES_AGGRESSIVE;
				CLANG_CXX_LANGUAGE_STANDARD = "gnu++17";
				CLANG_ENABLE_MODULES = YES;
				CLANG_ENABLE_OBJC_ARC = YES;
				CLANG_ENABLE_OBJC_WEAK = YES;
				CLANG_WARN_BLOCK_CAPTURE_AUTORELEASING = YES;
				CLANG_WARN_BOOL_CONVERSION = YES;
				CLANG_WARN_COMMA = YES;
				CLANG_WARN_CONSTANT_CONVERSION = YES;
				CLANG_WARN_DEPRECATED_OBJC_IMPLEMENTATIONS = YES;
				CLANG_WARN_DIRECT_OBJC_ISA_USAGE = YES_ERROR;
				CLANG_WARN_DOCUMENTATION_COMMENTS = YES;
				CLANG_WARN_EMPTY_BODY = YES;
				CLANG_WARN_ENUM_CONVERSION = YES;
				CLANG_WARN_INFINITE_RECURSION = YES;
				CLANG_WARN_INT_CONVERSION = YES;
				CLANG_WARN_NON_LITERAL_NULL_CONVERSION = YES;
				CLANG_WARN_OBJC_IMPLICIT_RETAIN_SELF = YES;
				CLANG_WARN_OBJC_LITERAL_CONVERSION = YES;
				CLANG_WARN_OBJC_ROOT_CLASS = YES_ERROR;
				CLANG_WARN_QUOTED_INCLUDE_IN_FRAMEWORK_HEADER = YES;
				CLANG_WARN_RANGE_LOOP_ANALYSIS = YES;
				CLANG_WARN_STRICT_PROTOTYPES = YES;
				CLANG_WARN_SUSPICIOUS_MOVE = YES;
				CLANG_WARN_UNGUARDED_AVAILABILITY = YES_AGGRESSIVE;
				CLANG_WARN_UNREACHABLE_CODE = YES;
				CLANG_WARN__DUPLICATE_METHOD_MATCH = YES;
				COPY_PHASE_STRIP = NO;
				DEBUG_INFORMATION_FORMAT = "dwarf-with-dsym";
				ENABLE_NS_ASSERTIONS = NO;
				ENABLE_STRICT_OBJC_MSGSEND = YES;
				GCC_C_LANGUAGE_STANDARD = gnu11;
				GCC_NO_COMMON_BLOCKS = YES;
				GCC_WARN_64_TO_32_BIT_CONVERSION = YES;
				GCC_WARN_ABOUT_RETURN_TYPE = YES_ERROR;
				GCC_WARN_UNDECLARED_SELECTOR = YES;
				GCC_WARN_UNINITIALIZED_AUTOS = YES_AGGRESSIVE;
				GCC_WARN_UNUSED_FUNCTION = YES;
				GCC_WARN_UNUSED_VARIABLE = YES;
				IPHONEOS_DEPLOYMENT_TARGET = 15.0;
				MTL_ENABLE_DEBUG_INFO = NO;
				MTL_FAST_MATH = YES;
				SDKROOT = iphoneos;
				SWIFT_COMPILATION_MODE = wholemodule;
				SWIFT_OPTIMIZATION_LEVEL = "-O";
				VALIDATE_PRODUCT = YES;
			};
			name = Release;
		};
		CBFCDC2F28B3684E004BCB27 /* Debug */ = {
			isa = XCBuildConfiguration;
			buildSettings = {
				ASSETCATALOG_COMPILER_APPICON_NAME = AppIcon;
				ASSETCATALOG_COMPILER_GLOBAL_ACCENT_COLOR_NAME = AccentColor;
				CODE_SIGN_STYLE = Automatic;
				CURRENT_PROJECT_VERSION = 202209021;
				DEVELOPMENT_TEAM = 3Y8YH8GWMM;
				GENERATE_INFOPLIST_FILE = YES;
				INFOPLIST_FILE = FaceReader/Global/Support/Info.plist;
				INFOPLIST_KEY_NSCameraUsageDescription = "Filming is required to measure the face ratio. Pictures are not stored in a specific space.";
				INFOPLIST_KEY_NSPhotoLibraryAddUsageDescription = "Save Image";
				INFOPLIST_KEY_UIApplicationSupportsIndirectInputEvents = YES;
				INFOPLIST_KEY_UILaunchStoryboardName = LaunchScreen;
				INFOPLIST_KEY_UISupportedInterfaceOrientations = UIInterfaceOrientationPortrait;
				INFOPLIST_KEY_UISupportedInterfaceOrientations_iPad = "UIInterfaceOrientationPortrait UIInterfaceOrientationPortraitUpsideDown UIInterfaceOrientationLandscapeLeft UIInterfaceOrientationLandscapeRight";
				INFOPLIST_KEY_UISupportedInterfaceOrientations_iPhone = "UIInterfaceOrientationPortrait UIInterfaceOrientationLandscapeLeft UIInterfaceOrientationLandscapeRight";
				INFOPLIST_KEY_UIUserInterfaceStyle = Light;
				IPHONEOS_DEPLOYMENT_TARGET = 15.0;
				LD_RUNPATH_SEARCH_PATHS = (
					"$(inherited)",
					"@executable_path/Frameworks",
				);
				MARKETING_VERSION = 1.0.4;
				PRODUCT_BUNDLE_IDENTIFIER = com.coby.FaceReader;
				PRODUCT_NAME = "$(TARGET_NAME)";
				SUPPORTED_PLATFORMS = "iphoneos iphonesimulator";
				SUPPORTS_MACCATALYST = NO;
				SUPPORTS_MAC_DESIGNED_FOR_IPHONE_IPAD = NO;
				SWIFT_EMIT_LOC_STRINGS = YES;
				SWIFT_VERSION = 5.0;
				TARGETED_DEVICE_FAMILY = 1;
			};
			name = Debug;
		};
		CBFCDC3028B3684E004BCB27 /* Release */ = {
			isa = XCBuildConfiguration;
			buildSettings = {
				ASSETCATALOG_COMPILER_APPICON_NAME = AppIcon;
				ASSETCATALOG_COMPILER_GLOBAL_ACCENT_COLOR_NAME = AccentColor;
				CODE_SIGN_STYLE = Automatic;
				CURRENT_PROJECT_VERSION = 202209021;
				DEVELOPMENT_TEAM = 3Y8YH8GWMM;
				GENERATE_INFOPLIST_FILE = YES;
				INFOPLIST_FILE = FaceReader/Global/Support/Info.plist;
				INFOPLIST_KEY_NSCameraUsageDescription = "Filming is required to measure the face ratio. Pictures are not stored in a specific space.";
				INFOPLIST_KEY_NSPhotoLibraryAddUsageDescription = "Save Image";
				INFOPLIST_KEY_UIApplicationSupportsIndirectInputEvents = YES;
				INFOPLIST_KEY_UILaunchStoryboardName = LaunchScreen;
				INFOPLIST_KEY_UISupportedInterfaceOrientations = UIInterfaceOrientationPortrait;
				INFOPLIST_KEY_UISupportedInterfaceOrientations_iPad = "UIInterfaceOrientationPortrait UIInterfaceOrientationPortraitUpsideDown UIInterfaceOrientationLandscapeLeft UIInterfaceOrientationLandscapeRight";
				INFOPLIST_KEY_UISupportedInterfaceOrientations_iPhone = "UIInterfaceOrientationPortrait UIInterfaceOrientationLandscapeLeft UIInterfaceOrientationLandscapeRight";
				INFOPLIST_KEY_UIUserInterfaceStyle = Light;
				IPHONEOS_DEPLOYMENT_TARGET = 15.0;
				LD_RUNPATH_SEARCH_PATHS = (
					"$(inherited)",
					"@executable_path/Frameworks",
				);
				MARKETING_VERSION = 1.0.4;
				PRODUCT_BUNDLE_IDENTIFIER = com.coby.FaceReader;
				PRODUCT_NAME = "$(TARGET_NAME)";
				SUPPORTED_PLATFORMS = "iphoneos iphonesimulator";
				SUPPORTS_MACCATALYST = NO;
				SUPPORTS_MAC_DESIGNED_FOR_IPHONE_IPAD = NO;
				SWIFT_EMIT_LOC_STRINGS = YES;
				SWIFT_VERSION = 5.0;
				TARGETED_DEVICE_FAMILY = 1;
			};
			name = Release;
		};
/* End XCBuildConfiguration section */

/* Begin XCConfigurationList section */
		CBFCDC1528B3684D004BCB27 /* Build configuration list for PBXProject "FaceReader" */ = {
			isa = XCConfigurationList;
			buildConfigurations = (
				CBFCDC2C28B3684E004BCB27 /* Debug */,
				CBFCDC2D28B3684E004BCB27 /* Release */,
			);
			defaultConfigurationIsVisible = 0;
			defaultConfigurationName = Release;
		};
		CBFCDC2E28B3684E004BCB27 /* Build configuration list for PBXNativeTarget "FaceReader" */ = {
			isa = XCConfigurationList;
			buildConfigurations = (
				CBFCDC2F28B3684E004BCB27 /* Debug */,
				CBFCDC3028B3684E004BCB27 /* Release */,
			);
			defaultConfigurationIsVisible = 0;
			defaultConfigurationName = Release;
		};
/* End XCConfigurationList section */

/* Begin XCRemoteSwiftPackageReference section */
		CB2B2AB528B6A35200EDEC8D /* XCRemoteSwiftPackageReference "Alamofire" */ = {
			isa = XCRemoteSwiftPackageReference;
			repositoryURL = "https://github.com/Alamofire/Alamofire.git";
			requirement = {
				kind = upToNextMajorVersion;
				minimumVersion = 5.0.0;
			};
		};
		CB2B2ABB28B7540200EDEC8D /* XCRemoteSwiftPackageReference "lottie-ios" */ = {
			isa = XCRemoteSwiftPackageReference;
			repositoryURL = "https://github.com/airbnb/lottie-ios.git";
			requirement = {
				branch = master;
				kind = branch;
			};
		};
		CB41AB0029FCFAEF00AF5729 /* XCRemoteSwiftPackageReference "firebase-ios-sdk" */ = {
			isa = XCRemoteSwiftPackageReference;
			repositoryURL = "https://github.com/firebase/firebase-ios-sdk";
			requirement = {
				kind = upToNextMajorVersion;
				minimumVersion = 10.0.0;
			};
		};
		CB41AB0D29FCFB0700AF5729 /* XCRemoteSwiftPackageReference "SDWebImage" */ = {
			isa = XCRemoteSwiftPackageReference;
			repositoryURL = "https://github.com/SDWebImage/SDWebImage.git";
			requirement = {
				kind = upToNextMajorVersion;
				minimumVersion = 5.0.0;
			};
		};
/* End XCRemoteSwiftPackageReference section */

/* Begin XCSwiftPackageProductDependency section */
		CB2B2AB628B6A35200EDEC8D /* Alamofire */ = {
			isa = XCSwiftPackageProductDependency;
			package = CB2B2AB528B6A35200EDEC8D /* XCRemoteSwiftPackageReference "Alamofire" */;
			productName = Alamofire;
		};
		CB2B2ABC28B7540200EDEC8D /* Lottie */ = {
			isa = XCSwiftPackageProductDependency;
			package = CB2B2ABB28B7540200EDEC8D /* XCRemoteSwiftPackageReference "lottie-ios" */;
			productName = Lottie;
		};
		CB41AB0129FCFAF000AF5729 /* FirebaseAnalytics */ = {
			isa = XCSwiftPackageProductDependency;
			package = CB41AB0029FCFAEF00AF5729 /* XCRemoteSwiftPackageReference "firebase-ios-sdk" */;
			productName = FirebaseAnalytics;
		};
		CB41AB0329FCFAF000AF5729 /* FirebaseAnalyticsSwift */ = {
			isa = XCSwiftPackageProductDependency;
			package = CB41AB0029FCFAEF00AF5729 /* XCRemoteSwiftPackageReference "firebase-ios-sdk" */;
			productName = FirebaseAnalyticsSwift;
		};
		CB41AB0529FCFAF000AF5729 /* FirebaseAuth */ = {
			isa = XCSwiftPackageProductDependency;
			package = CB41AB0029FCFAEF00AF5729 /* XCRemoteSwiftPackageReference "firebase-ios-sdk" */;
			productName = FirebaseAuth;
		};
		CB41AB0729FCFAF000AF5729 /* FirebaseFirestore */ = {
			isa = XCSwiftPackageProductDependency;
			package = CB41AB0029FCFAEF00AF5729 /* XCRemoteSwiftPackageReference "firebase-ios-sdk" */;
			productName = FirebaseFirestore;
		};
		CB41AB0929FCFAF000AF5729 /* FirebaseFirestoreSwift */ = {
			isa = XCSwiftPackageProductDependency;
			package = CB41AB0029FCFAEF00AF5729 /* XCRemoteSwiftPackageReference "firebase-ios-sdk" */;
			productName = FirebaseFirestoreSwift;
		};
		CB41AB0B29FCFAF000AF5729 /* FirebaseStorage */ = {
			isa = XCSwiftPackageProductDependency;
			package = CB41AB0029FCFAEF00AF5729 /* XCRemoteSwiftPackageReference "firebase-ios-sdk" */;
			productName = FirebaseStorage;
		};
		CB41AB0E29FCFB0700AF5729 /* SDWebImage */ = {
			isa = XCSwiftPackageProductDependency;
			package = CB41AB0D29FCFB0700AF5729 /* XCRemoteSwiftPackageReference "SDWebImage" */;
			productName = SDWebImage;
		};
/* End XCSwiftPackageProductDependency section */
	};
	rootObject = CBFCDC1228B3684D004BCB27 /* Project object */;
}
