// !$*UTF8*$!
{
	archiveVersion = 1;
	classes = {
	};
	objectVersion = 55;
	objects = {

/* Begin PBXBuildFile section */
		E8FRB10129FB849800B4FF69 /* FaceReaderApp.swift in Sources */ = {isa = PBXBuildFile; fileRef = E8FRB00129FB849800B4FF69 /* FaceReaderApp.swift */; };
		E8FRB10229FB849800B4FF69 /* AppDelegate.swift in Sources */ = {isa = PBXBuildFile; fileRef = E8FRB00229FB849800B4FF69 /* AppDelegate.swift */; };
		E8FRB10329FB849800B4FF69 /* AppFeature.swift in Sources */ = {isa = PBXBuildFile; fileRef = E8FRB00329FB849800B4FF69 /* AppFeature.swift */; };
		E8FRB10429FB849800B4FF69 /* AppView.swift in Sources */ = {isa = PBXBuildFile; fileRef = E8FRB00429FB849800B4FF69 /* AppView.swift */; };
		E8FRB10529FB849800B4FF69 /* SupabaseManager.swift in Sources */ = {isa = PBXBuildFile; fileRef = E8FRB00529FB849800B4FF69 /* SupabaseManager.swift */; };
		E8FRB10629FB849800B4FF69 /* FaceMeasureSession.swift in Sources */ = {isa = PBXBuildFile; fileRef = E8FRB00629FB849800B4FF69 /* FaceMeasureSession.swift */; };
		E8FRB10729FB849800B4FF69 /* NicknamePreferences.swift in Sources */ = {isa = PBXBuildFile; fileRef = E8FRB00729FB849800B4FF69 /* NicknamePreferences.swift */; };
		E8FRB10829FB849800B4FF69 /* RankingClient.swift in Sources */ = {isa = PBXBuildFile; fileRef = E8FRB00829FB849800B4FF69 /* RankingClient.swift */; };
		E8FRB10929FB849800B4FF69 /* MonsterMutationClient.swift in Sources */ = {isa = PBXBuildFile; fileRef = E8FRB00929FB849800B4FF69 /* MonsterMutationClient.swift */; };
		E8FRB10A29FB849800B4FF69 /* AppDependencies.swift in Sources */ = {isa = PBXBuildFile; fileRef = E8FRB00A29FB849800B4FF69 /* AppDependencies.swift */; };
		E8FRB10B29FB849800B4FF69 /* CGPoint+FaceMeter.swift in Sources */ = {isa = PBXBuildFile; fileRef = E8FRB00B29FB849800B4FF69 /* CGPoint+FaceMeter.swift */; };
		E8FRB10C29FB849800B4FF69 /* Monster.swift in Sources */ = {isa = PBXBuildFile; fileRef = E8FRB00C29FB849800B4FF69 /* Monster.swift */; };
		E8FRB10D29FB849800B4FF69 /* RankingFeature.swift in Sources */ = {isa = PBXBuildFile; fileRef = E8FRB00D29FB849800B4FF69 /* RankingFeature.swift */; };
		E8FRB10E29FB849800B4FF69 /* RankingView.swift in Sources */ = {isa = PBXBuildFile; fileRef = E8FRB00E29FB849800B4FF69 /* RankingView.swift */; };
		E8FRB10F29FB849800B4FF69 /* FaceCaptureEngine.swift in Sources */ = {isa = PBXBuildFile; fileRef = E8FRB00F29FB849800B4FF69 /* FaceCaptureEngine.swift */; };
		E8FRB11029FB849800B4FF69 /* PreviewLayerHost.swift in Sources */ = {isa = PBXBuildFile; fileRef = E8FRB01029FB849800B4FF69 /* PreviewLayerHost.swift */; };
		E8FRB11129FB849800B4FF69 /* FaceCaptureView.swift in Sources */ = {isa = PBXBuildFile; fileRef = E8FRB01129FB849800B4FF69 /* FaceCaptureView.swift */; };
		E8FRB11229FB849800B4FF69 /* FaceResultFeature.swift in Sources */ = {isa = PBXBuildFile; fileRef = E8FRB01229FB849800B4FF69 /* FaceResultFeature.swift */; };
		E8FRB11329FB849800B4FF69 /* FaceResultView.swift in Sources */ = {isa = PBXBuildFile; fileRef = E8FRB01329FB849800B4FF69 /* FaceResultView.swift */; };
		E8FRB11429FB849800B4FF69 /* NicknameFeature.swift in Sources */ = {isa = PBXBuildFile; fileRef = E8FRB01429FB849800B4FF69 /* NicknameFeature.swift */; };
		E8FRB11529FB849800B4FF69 /* NicknameView.swift in Sources */ = {isa = PBXBuildFile; fileRef = E8FRB01529FB849800B4FF69 /* NicknameView.swift */; };
		E8FRB11629FB849800B4FF69 /* HelpFeature.swift in Sources */ = {isa = PBXBuildFile; fileRef = E8FRB01629FB849800B4FF69 /* HelpFeature.swift */; };
		E8FRB11729FB849800B4FF69 /* HelpView.swift in Sources */ = {isa = PBXBuildFile; fileRef = E8FRB01729FB849800B4FF69 /* HelpView.swift */; };
		E8FRB11829FB849800B4FF69 /* MonsterPaperFeature.swift in Sources */ = {isa = PBXBuildFile; fileRef = E8FRB01829FB849800B4FF69 /* MonsterPaperFeature.swift */; };
		E8FRB11929FB849800B4FF69 /* MonsterPaperView.swift in Sources */ = {isa = PBXBuildFile; fileRef = E8FRB01929FB849800B4FF69 /* MonsterPaperView.swift */; };
		E8FRB11A29FB849800B4FF69 /* AppTheme.swift in Sources */ = {isa = PBXBuildFile; fileRef = E8FRB01A29FB849800B4FF69 /* AppTheme.swift */; };
		E8FRB11B29FB849800B4FF69 /* GradeAssets.swift in Sources */ = {isa = PBXBuildFile; fileRef = E8FRB01B29FB849800B4FF69 /* GradeAssets.swift */; };
		E8FRB11C29FB849800B4FF69 /* ActivityView.swift in Sources */ = {isa = PBXBuildFile; fileRef = E8FRB01C29FB849800B4FF69 /* ActivityView.swift */; };
		E8FRB11D29FB849800B4FF69 /* MonsterPosterView.swift in Sources */ = {isa = PBXBuildFile; fileRef = E8FRB01D29FB849800B4FF69 /* MonsterPosterView.swift */; };
		E8FRB11E29FB849800B4FF69 /* ComposableArchitecture in Frameworks */ = {isa = PBXBuildFile; productRef = E8FRCA8129FB849800B4FF69 /* ComposableArchitecture */; };
		E8F1A07729FB849800B4FF69 /* Supabase in Frameworks */ = {isa = PBXBuildFile; productRef = E8F1A07829FB849800B4FF69 /* Supabase */; };
		E8F1A00229FB849800B4FF69 /* FaceReaderLocalization in Frameworks */ = {isa = PBXBuildFile; productRef = E8F1A00329FB849800B4FF69 /* FaceReaderLocalization */; };
		CB9E777D28BBFB000072DB9A /* InfoPlist.strings in Resources */ = {isa = PBXBuildFile; fileRef = CB9E777F28BBFB000072DB9A /* InfoPlist.strings */; };
		CBE688F528B6225C00720D32 /* SangSangAnt.otf in Resources */ = {isa = PBXBuildFile; fileRef = CBE688F428B6225C00720D32 /* SangSangAnt.otf */; };
		E8F1A07529FB849800B4FF69 /* PrivacyInfo.xcprivacy in Resources */ = {isa = PBXBuildFile; fileRef = E8F1A07629FB849800B4FF69 /* PrivacyInfo.xcprivacy */; };
		CBFCDC2728B3684E004BCB27 /* Assets.xcassets in Resources */ = {isa = PBXBuildFile; fileRef = CBFCDC2628B3684E004BCB27 /* Assets.xcassets */; };
		CBFCDC2A28B3684E004BCB27 /* LaunchScreen.storyboard in Resources */ = {isa = PBXBuildFile; fileRef = CBFCDC2828B3684E004BCB27 /* LaunchScreen.storyboard */; };
/* End PBXBuildFile section */

/* Begin PBXFileReference section */
		E8FRB00129FB849800B4FF69 /* FaceReaderApp.swift */ = {isa = PBXFileReference; lastKnownFileType = sourcecode.swift; path = FaceReaderApp.swift; sourceTree = "<group>"; };
		E8FRB00229FB849800B4FF69 /* AppDelegate.swift */ = {isa = PBXFileReference; lastKnownFileType = sourcecode.swift; path = AppDelegate.swift; sourceTree = "<group>"; };
		E8FRB00329FB849800B4FF69 /* AppFeature.swift */ = {isa = PBXFileReference; lastKnownFileType = sourcecode.swift; path = AppFeature.swift; sourceTree = "<group>"; };
		E8FRB00429FB849800B4FF69 /* AppView.swift */ = {isa = PBXFileReference; lastKnownFileType = sourcecode.swift; path = AppView.swift; sourceTree = "<group>"; };
		E8FRB00529FB849800B4FF69 /* SupabaseManager.swift */ = {isa = PBXFileReference; lastKnownFileType = sourcecode.swift; path = SupabaseManager.swift; sourceTree = "<group>"; };
		E8FRB00629FB849800B4FF69 /* FaceMeasureSession.swift */ = {isa = PBXFileReference; lastKnownFileType = sourcecode.swift; path = FaceMeasureSession.swift; sourceTree = "<group>"; };
		E8FRB00729FB849800B4FF69 /* NicknamePreferences.swift */ = {isa = PBXFileReference; lastKnownFileType = sourcecode.swift; path = NicknamePreferences.swift; sourceTree = "<group>"; };
		E8FRB00829FB849800B4FF69 /* RankingClient.swift */ = {isa = PBXFileReference; lastKnownFileType = sourcecode.swift; path = RankingClient.swift; sourceTree = "<group>"; };
		E8FRB00929FB849800B4FF69 /* MonsterMutationClient.swift */ = {isa = PBXFileReference; lastKnownFileType = sourcecode.swift; path = MonsterMutationClient.swift; sourceTree = "<group>"; };
		E8FRB00A29FB849800B4FF69 /* AppDependencies.swift */ = {isa = PBXFileReference; lastKnownFileType = sourcecode.swift; path = AppDependencies.swift; sourceTree = "<group>"; };
		E8FRB00B29FB849800B4FF69 /* CGPoint+FaceMeter.swift */ = {isa = PBXFileReference; lastKnownFileType = sourcecode.swift; path = "CGPoint+FaceMeter.swift"; sourceTree = "<group>"; };
		E8FRB00C29FB849800B4FF69 /* Monster.swift */ = {isa = PBXFileReference; lastKnownFileType = sourcecode.swift; path = Monster.swift; sourceTree = "<group>"; };
		E8FRB00D29FB849800B4FF69 /* RankingFeature.swift */ = {isa = PBXFileReference; lastKnownFileType = sourcecode.swift; path = RankingFeature.swift; sourceTree = "<group>"; };
		E8FRB00E29FB849800B4FF69 /* RankingView.swift */ = {isa = PBXFileReference; lastKnownFileType = sourcecode.swift; path = RankingView.swift; sourceTree = "<group>"; };
		E8FRB00F29FB849800B4FF69 /* FaceCaptureEngine.swift */ = {isa = PBXFileReference; lastKnownFileType = sourcecode.swift; path = FaceCaptureEngine.swift; sourceTree = "<group>"; };
		E8FRB01029FB849800B4FF69 /* PreviewLayerHost.swift */ = {isa = PBXFileReference; lastKnownFileType = sourcecode.swift; path = PreviewLayerHost.swift; sourceTree = "<group>"; };
		E8FRB01129FB849800B4FF69 /* FaceCaptureView.swift */ = {isa = PBXFileReference; lastKnownFileType = sourcecode.swift; path = FaceCaptureView.swift; sourceTree = "<group>"; };
		E8FRB01229FB849800B4FF69 /* FaceResultFeature.swift */ = {isa = PBXFileReference; lastKnownFileType = sourcecode.swift; path = FaceResultFeature.swift; sourceTree = "<group>"; };
		E8FRB01329FB849800B4FF69 /* FaceResultView.swift */ = {isa = PBXFileReference; lastKnownFileType = sourcecode.swift; path = FaceResultView.swift; sourceTree = "<group>"; };
		E8FRB01429FB849800B4FF69 /* NicknameFeature.swift */ = {isa = PBXFileReference; lastKnownFileType = sourcecode.swift; path = NicknameFeature.swift; sourceTree = "<group>"; };
		E8FRB01529FB849800B4FF69 /* NicknameView.swift */ = {isa = PBXFileReference; lastKnownFileType = sourcecode.swift; path = NicknameView.swift; sourceTree = "<group>"; };
		E8FRB01629FB849800B4FF69 /* HelpFeature.swift */ = {isa = PBXFileReference; lastKnownFileType = sourcecode.swift; path = HelpFeature.swift; sourceTree = "<group>"; };
		E8FRB01729FB849800B4FF69 /* HelpView.swift */ = {isa = PBXFileReference; lastKnownFileType = sourcecode.swift; path = HelpView.swift; sourceTree = "<group>"; };
		E8FRB01829FB849800B4FF69 /* MonsterPaperFeature.swift */ = {isa = PBXFileReference; lastKnownFileType = sourcecode.swift; path = MonsterPaperFeature.swift; sourceTree = "<group>"; };
		E8FRB01929FB849800B4FF69 /* MonsterPaperView.swift */ = {isa = PBXFileReference; lastKnownFileType = sourcecode.swift; path = MonsterPaperView.swift; sourceTree = "<group>"; };
		E8FRB01A29FB849800B4FF69 /* AppTheme.swift */ = {isa = PBXFileReference; lastKnownFileType = sourcecode.swift; path = AppTheme.swift; sourceTree = "<group>"; };
		E8FRB01B29FB849800B4FF69 /* GradeAssets.swift */ = {isa = PBXFileReference; lastKnownFileType = sourcecode.swift; path = GradeAssets.swift; sourceTree = "<group>"; };
		E8FRB01C29FB849800B4FF69 /* ActivityView.swift */ = {isa = PBXFileReference; lastKnownFileType = sourcecode.swift; path = ActivityView.swift; sourceTree = "<group>"; };
		E8FRB01D29FB849800B4FF69 /* MonsterPosterView.swift */ = {isa = PBXFileReference; lastKnownFileType = sourcecode.swift; path = MonsterPosterView.swift; sourceTree = "<group>"; };
		E8F1A08629FB849800B4FF69 /* FaceReader.debug.xcconfig */ = {isa = PBXFileReference; lastKnownFileType = text.xcconfig; path = FaceReader.debug.xcconfig; sourceTree = "<group>"; };
		E8F1A08729FB849800B4FF69 /* FaceReader.release.xcconfig */ = {isa = PBXFileReference; lastKnownFileType = text.xcconfig; path = FaceReader.release.xcconfig; sourceTree = "<group>"; };
		E8FENV8829FB849800B4FF69 /* .env.example */ = {isa = PBXFileReference; lastKnownFileType = text; path = .env.example; sourceTree = "<group>"; };
		E8FENV8929FB849800B4FF69 /* generate-secrets-xcconfig.sh */ = {isa = PBXFileReference; lastKnownFileType = text.script.sh; path = generate-secrets-xcconfig.sh; sourceTree = "<group>"; };
		E8F1A02029FB849800B4FF69 /* en */ = {isa = PBXFileReference; lastKnownFileType = text.plist.strings; name = en; path = en.lproj/InfoPlist.strings; sourceTree = "<group>"; };
		E8F1A02129FB849800B4FF69 /* ja */ = {isa = PBXFileReference; lastKnownFileType = text.plist.strings; name = ja; path = ja.lproj/InfoPlist.strings; sourceTree = "<group>"; };
		E8F1A02229FB849800B4FF69 /* zh-Hans */ = {isa = PBXFileReference; lastKnownFileType = text.plist.strings; name = "zh-Hans"; path = "zh-Hans.lproj/InfoPlist.strings"; sourceTree = "<group>"; };
		CB9E778028BBFB1C0072DB9A /* ko */ = {isa = PBXFileReference; lastKnownFileType = text.plist.strings; name = ko; path = ko.lproj/InfoPlist.strings; sourceTree = "<group>"; };
		E8F1A07629FB849800B4FF69 /* PrivacyInfo.xcprivacy */ = {isa = PBXFileReference; lastKnownFileType = text.xml; path = PrivacyInfo.xcprivacy; sourceTree = "<group>"; };
		E8F1A06829FB849800B4FF69 /* zh-Hant */ = {isa = PBXFileReference; lastKnownFileType = text.plist.strings; name = "zh-Hant"; path = "zh-Hant.lproj/InfoPlist.strings"; sourceTree = "<group>"; };
		CBE688F428B6225C00720D32 /* SangSangAnt.otf */ = {isa = PBXFileReference; lastKnownFileType = file; path = SangSangAnt.otf; sourceTree = "<group>"; };
		CBFCDC1A28B3684D004BCB27 /* FaceReader.app */ = {isa = PBXFileReference; explicitFileType = wrapper.application; includeInIndex = 0; path = FaceReader.app; sourceTree = BUILT_PRODUCTS_DIR; };
		CBFCDC2628B3684E004BCB27 /* Assets.xcassets */ = {isa = PBXFileReference; lastKnownFileType = folder.assetcatalog; path = Assets.xcassets; sourceTree = "<group>"; };
		CBFCDC2928B3684E004BCB27 /* Base */ = {isa = PBXFileReference; lastKnownFileType = file.storyboard; name = Base; path = Base.lproj/LaunchScreen.storyboard; sourceTree = "<group>"; };
		CBFCDC2B28B3684E004BCB27 /* Info.plist */ = {isa = PBXFileReference; lastKnownFileType = text.plist.xml; path = Info.plist; sourceTree = "<group>"; };
/* End PBXFileReference section */

/* Begin PBXFrameworksBuildPhase section */
		CBFCDC1728B3684D004BCB27 /* Frameworks */ = {
			isa = PBXFrameworksBuildPhase;
			buildActionMask = 2147483647;
			files = (
				E8FRB11E29FB849800B4FF69 /* ComposableArchitecture in Frameworks */,
				E8F1A07729FB849800B4FF69 /* Supabase in Frameworks */,
				E8F1A00229FB849800B4FF69 /* FaceReaderLocalization in Frameworks */,
			);
			runOnlyForDeploymentPostprocessing = 0;
		};
/* End PBXFrameworksBuildPhase section */

/* Begin PBXGroup section */
		E8FRG00129FB849800B4FF69 /* App */ = {
			isa = PBXGroup;
			children = (
				E8FRB00129FB849800B4FF69 /* FaceReaderApp.swift */,
				E8FRB00229FB849800B4FF69 /* AppDelegate.swift */,
				E8FRB00329FB849800B4FF69 /* AppFeature.swift */,
				E8FRB00429FB849800B4FF69 /* AppView.swift */,
			);
			path = App;
			sourceTree = "<group>";
		};
		E8FRG00229FB849800B4FF69 /* Core */ = {
			isa = PBXGroup;
			children = (
				E8FRB00629FB849800B4FF69 /* FaceMeasureSession.swift */,
				E8FRG00329FB849800B4FF69 /* Clients */,
				E8FRG00429FB849800B4FF69 /* Dependencies */,
				E8FRG00529FB849800B4FF69 /* Geometry */,
				E8FRG00629FB849800B4FF69 /* Models */,
				E8FRG00729FB849800B4FF69 /* Nickname */,
				E8FRG00829FB849800B4FF69 /* Services */,
			);
			path = Core;
			sourceTree = "<group>";
		};
		E8FRG00329FB849800B4FF69 /* Clients */ = {
			isa = PBXGroup;
			children = (
				E8FRB00829FB849800B4FF69 /* RankingClient.swift */,
				E8FRB00929FB849800B4FF69 /* MonsterMutationClient.swift */,
			);
			path = Clients;
			sourceTree = "<group>";
		};
		E8FRG00429FB849800B4FF69 /* Dependencies */ = {
			isa = PBXGroup;
			children = (
				E8FRB00A29FB849800B4FF69 /* AppDependencies.swift */,
			);
			path = Dependencies;
			sourceTree = "<group>";
		};
		E8FRG00529FB849800B4FF69 /* Geometry */ = {
			isa = PBXGroup;
			children = (
				E8FRB00B29FB849800B4FF69 /* CGPoint+FaceMeter.swift */,
			);
			path = Geometry;
			sourceTree = "<group>";
		};
		E8FRG00629FB849800B4FF69 /* Models */ = {
			isa = PBXGroup;
			children = (
				E8FRB00C29FB849800B4FF69 /* Monster.swift */,
			);
			path = Models;
			sourceTree = "<group>";
		};
		E8FRG00729FB849800B4FF69 /* Nickname */ = {
			isa = PBXGroup;
			children = (
				E8FRB00729FB849800B4FF69 /* NicknamePreferences.swift */,
			);
			path = Nickname;
			sourceTree = "<group>";
		};
		E8FRG00829FB849800B4FF69 /* Services */ = {
			isa = PBXGroup;
			children = (
				E8FRB00529FB849800B4FF69 /* SupabaseManager.swift */,
			);
			path = Services;
			sourceTree = "<group>";
		};
		E8FRG00929FB849800B4FF69 /* Features */ = {
			isa = PBXGroup;
			children = (
				E8FRG00A29FB849800B4FF69 /* Ranking */,
				E8FRG00B29FB849800B4FF69 /* FaceMeter */,
				E8FRG00C29FB849800B4FF69 /* Nickname */,
				E8FRG00D29FB849800B4FF69 /* Help */,
				E8FRG00E29FB849800B4FF69 /* MonsterPaper */,
			);
			path = Features;
			sourceTree = "<group>";
		};
		E8FRG00A29FB849800B4FF69 /* Ranking */ = {
			isa = PBXGroup;
			children = (
				E8FRB00D29FB849800B4FF69 /* RankingFeature.swift */,
				E8FRB00E29FB849800B4FF69 /* RankingView.swift */,
			);
			path = Ranking;
			sourceTree = "<group>";
		};
		E8FRG00B29FB849800B4FF69 /* FaceMeter */ = {
			isa = PBXGroup;
			children = (
				E8FRB00F29FB849800B4FF69 /* FaceCaptureEngine.swift */,
				E8FRB01029FB849800B4FF69 /* PreviewLayerHost.swift */,
				E8FRB01129FB849800B4FF69 /* FaceCaptureView.swift */,
				E8FRB01229FB849800B4FF69 /* FaceResultFeature.swift */,
				E8FRB01329FB849800B4FF69 /* FaceResultView.swift */,
			);
			path = FaceMeter;
			sourceTree = "<group>";
		};
		E8FRG00C29FB849800B4FF69 /* Nickname */ = {
			isa = PBXGroup;
			children = (
				E8FRB01429FB849800B4FF69 /* NicknameFeature.swift */,
				E8FRB01529FB849800B4FF69 /* NicknameView.swift */,
			);
			path = Nickname;
			sourceTree = "<group>";
		};
		E8FRG00D29FB849800B4FF69 /* Help */ = {
			isa = PBXGroup;
			children = (
				E8FRB01629FB849800B4FF69 /* HelpFeature.swift */,
				E8FRB01729FB849800B4FF69 /* HelpView.swift */,
			);
			path = Help;
			sourceTree = "<group>";
		};
		E8FRG00E29FB849800B4FF69 /* MonsterPaper */ = {
			isa = PBXGroup;
			children = (
				E8FRB01829FB849800B4FF69 /* MonsterPaperFeature.swift */,
				E8FRB01929FB849800B4FF69 /* MonsterPaperView.swift */,
			);
			path = MonsterPaper;
			sourceTree = "<group>";
		};
		E8FRG00F29FB849800B4FF69 /* UI */ = {
			isa = PBXGroup;
			children = (
				E8FRB01A29FB849800B4FF69 /* AppTheme.swift */,
				E8FRB01B29FB849800B4FF69 /* GradeAssets.swift */,
				E8FRB01C29FB849800B4FF69 /* ActivityView.swift */,
				E8FRB01D29FB849800B4FF69 /* MonsterPosterView.swift */,
			);
			path = UI;
			sourceTree = "<group>";
		};
		CBE1A3BC28B47C6E00D173AB /* Global */ = {
			isa = PBXGroup;
			children = (
				CBE1A3C128B47CD300D173AB /* Resource */,
				CBE1A3BF28B47C9F00D173AB /* Support */,
			);
			path = Global;
			sourceTree = "<group>";
		};
		CBE1A3BF28B47C9F00D173AB /* Support */ = {
			isa = PBXGroup;
			children = (
				CBFCDC2B28B3684E004BCB27 /* Info.plist */,
				E8F1A07629FB849800B4FF69 /* PrivacyInfo.xcprivacy */,
				CB9E777F28BBFB000072DB9A /* InfoPlist.strings */,
			);
			path = Support;
			sourceTree = "<group>";
		};
		CBE1A3C128B47CD300D173AB /* Resource */ = {
			isa = PBXGroup;
			children = (
				CBE688F028B5D1B200720D32 /* Fonts */,
				CBFCDC2628B3684E004BCB27 /* Assets.xcassets */,
				CBFCDC2828B3684E004BCB27 /* LaunchScreen.storyboard */,
			);
			path = Resource;
			sourceTree = "<group>";
		};
		CBE688F028B5D1B200720D32 /* Fonts */ = {
			isa = PBXGroup;
			children = (
				CBE688F428B6225C00720D32 /* SangSangAnt.otf */,
			);
			path = Fonts;
			sourceTree = "<group>";
		};
		CBFCDC1128B3684D004BCB27 = {
			isa = PBXGroup;
			children = (
				E8FENV8829FB849800B4FF69 /* .env.example */,
				E8FENV8A29FB849800B4FF69 /* scripts */,
				CBFCDC1C28B3684D004BCB27 /* FaceReader */,
				CBFCDC1B28B3684D004BCB27 /* Products */,
			);
			sourceTree = "<group>";
		};
		CBFCDC1B28B3684D004BCB27 /* Products */ = {
			isa = PBXGroup;
			children = (
				CBFCDC1A28B3684D004BCB27 /* FaceReader.app */,
			);
			name = Products;
			sourceTree = "<group>";
		};
		CBFCDC1C28B3684D004BCB27 /* FaceReader */ = {
			isa = PBXGroup;
			children = (
				E8F1A08A29FB849800B4FF69 /* Configuration */,
				E8FRG00129FB849800B4FF69 /* App */,
				E8FRG00229FB849800B4FF69 /* Core */,
				E8FRG00929FB849800B4FF69 /* Features */,
				E8FRG00F29FB849800B4FF69 /* UI */,
				CBE1A3BC28B47C6E00D173AB /* Global */,
			);
			path = FaceReader;
			sourceTree = "<group>";
		};
		E8F1A08A29FB849800B4FF69 /* Configuration */ = {
			isa = PBXGroup;
			children = (
				E8F1A08629FB849800B4FF69 /* FaceReader.debug.xcconfig */,
				E8F1A08729FB849800B4FF69 /* FaceReader.release.xcconfig */,
			);
			path = Configuration;
			sourceTree = "<group>";
		};
		E8FENV8A29FB849800B4FF69 /* scripts */ = {
			isa = PBXGroup;
			children = (
				E8FENV8929FB849800B4FF69 /* generate-secrets-xcconfig.sh */,
			);
			path = scripts;
			sourceTree = "<group>";
		};
/* End PBXGroup section */

/* Begin PBXNativeTarget section */
		CBFCDC1928B3684D004BCB27 /* FaceReader */ = {
			isa = PBXNativeTarget;
			buildConfigurationList = CBFCDC2E28B3684E004BCB27 /* Build configuration list for PBXNativeTarget "FaceReader" */;
			buildPhases = (
				CBFCDC1628B3684D004BCB27 /* Sources */,
				CBFCDC1728B3684D004BCB27 /* Frameworks */,
				CBFCDC1828B3684D004BCB27 /* Resources */,
			);
			buildRules = (
			);
			dependencies = (
				E8FENV8329FB849800B4FF69 /* PBXTargetDependency */,
			);
			name = FaceReader;
			packageProductDependencies = (
				E8FRCA8129FB849800B4FF69 /* ComposableArchitecture */,
				E8F1A07829FB849800B4FF69 /* Supabase */,
				E8F1A00329FB849800B4FF69 /* FaceReaderLocalization */,
			);
			productName = FaceReader;
			productReference = CBFCDC1A28B3684D004BCB27 /* FaceReader.app */;
			productType = "com.apple.product-type.application";
		};
/* End PBXNativeTarget section */

/* Begin PBXAggregateTarget section */
		E8FENV8229FB849800B4FF69 /* FaceReaderEnv */ = {
			isa = PBXAggregateTarget;
			buildConfigurationList = E8FENV8729FB849800B4FF69 /* Build configuration list for PBXAggregateTarget "FaceReaderEnv" */;
			buildPhases = (
				E8FENV8129FB849800B4FF69 /* Generate secrets xcconfig */,
			);
			dependencies = (
			);
			name = FaceReaderEnv;
			productName = FaceReaderEnv;
		};
/* End PBXAggregateTarget section */

/* Begin PBXShellScriptBuildPhase section */
		E8FENV8129FB849800B4FF69 /* Generate secrets xcconfig */ = {
			isa = PBXShellScriptBuildPhase;
			buildActionMask = 2147483647;
			files = (
			);
			inputFileListPaths = (
			);
			inputPaths = (
			);
			name = "Generate secrets xcconfig";
			outputFileListPaths = (
			);
			outputPaths = (
			);
			runOnlyForDeploymentPostprocessing = 0;
			shellPath = /bin/sh;
			shellScript = "exec \"${SRCROOT}/scripts/generate-secrets-xcconfig.sh\"\n";
		};
/* End PBXShellScriptBuildPhase section */

/* Begin PBXContainerItemProxy section */
		E8FENV8429FB849800B4FF69 /* PBXContainerItemProxy */ = {
			isa = PBXContainerItemProxy;
			containerPortal = CBFCDC1228B3684D004BCB27 /* Project object */;
			proxyType = 1;
			remoteGlobalIDString = E8FENV8229FB849800B4FF69;
			remoteInfo = FaceReaderEnv;
		};
/* End PBXContainerItemProxy section */

/* Begin PBXTargetDependency section */
		E8FENV8329FB849800B4FF69 /* PBXTargetDependency */ = {
			isa = PBXTargetDependency;
			target = E8FENV8229FB849800B4FF69 /* FaceReaderEnv */;
			targetProxy = E8FENV8429FB849800B4FF69 /* PBXContainerItemProxy */;
		};
/* End PBXTargetDependency section */

/* Begin PBXProject section */
		CBFCDC1228B3684D004BCB27 /* Project object */ = {
			isa = PBXProject;
			attributes = {
				BuildIndependentTargetsInParallel = 1;
				LastSwiftUpdateCheck = 1340;
				LastUpgradeCheck = 1340;
				TargetAttributes = {
					E8FENV8229FB849800B4FF69 = {
						CreatedOnToolsVersion = 13.4.1;
					};
					CBFCDC1928B3684D004BCB27 = {
						CreatedOnToolsVersion = 13.4.1;
					};
				};
			};
			buildConfigurationList = CBFCDC1528B3684D004BCB27 /* Build configuration list for PBXProject "FaceReader" */;
			compatibilityVersion = "Xcode 13.0";
			developmentRegion = en;
			hasScannedForEncodings = 0;
			knownRegions = (
				Base,
				en,
				ja,
				ko,
				"zh-Hans",
				"zh-Hant",
			);
			mainGroup = CBFCDC1128B3684D004BCB27;
			packageReferences = (
				E8F1A00129FB849800B4FF69 /* XCLocalSwiftPackageReference "Packages/FaceReaderLocalization" */,
				E8F1A07929FB849800B4FF69 /* XCRemoteSwiftPackageReference "supabase-swift" */,
				E8FRCA8229FB849800B4FF69 /* XCRemoteSwiftPackageReference "swift-composable-architecture" */,
			);
			productRefGroup = CBFCDC1B28B3684D004BCB27 /* Products */;
			projectDirPath = "";
			projectRoot = "";
			targets = (
				E8FENV8229FB849800B4FF69 /* FaceReaderEnv */,
				CBFCDC1928B3684D004BCB27 /* FaceReader */,
			);
		};
/* End PBXProject section */

/* Begin PBXResourcesBuildPhase section */
		CBFCDC1828B3684D004BCB27 /* Resources */ = {
			isa = PBXResourcesBuildPhase;
			buildActionMask = 2147483647;
			files = (
				CBE688F528B6225C00720D32 /* SangSangAnt.otf in Resources */,
				CBFCDC2A28B3684E004BCB27 /* LaunchScreen.storyboard in Resources */,
				CBFCDC2728B3684E004BCB27 /* Assets.xcassets in Resources */,
				CB9E777D28BBFB000072DB9A /* InfoPlist.strings in Resources */,
				E8F1A07529FB849800B4FF69 /* PrivacyInfo.xcprivacy in Resources */,
			);
			runOnlyForDeploymentPostprocessing = 0;
		};
/* End PBXResourcesBuildPhase section */

/* Begin PBXSourcesBuildPhase section */
		CBFCDC1628B3684D004BCB27 /* Sources */ = {
			isa = PBXSourcesBuildPhase;
			buildActionMask = 2147483647;
			files = (
				E8FRB10129FB849800B4FF69 /* FaceReaderApp.swift in Sources */,
				E8FRB10229FB849800B4FF69 /* AppDelegate.swift in Sources */,
				E8FRB10329FB849800B4FF69 /* AppFeature.swift in Sources */,
				E8FRB10429FB849800B4FF69 /* AppView.swift in Sources */,
				E8FRB10529FB849800B4FF69 /* SupabaseManager.swift in Sources */,
				E8FRB10629FB849800B4FF69 /* FaceMeasureSession.swift in Sources */,
				E8FRB10729FB849800B4FF69 /* NicknamePreferences.swift in Sources */,
				E8FRB10829FB849800B4FF69 /* RankingClient.swift in Sources */,
				E8FRB10929FB849800B4FF69 /* MonsterMutationClient.swift in Sources */,
				E8FRB10A29FB849800B4FF69 /* AppDependencies.swift in Sources */,
				E8FRB10B29FB849800B4FF69 /* CGPoint+FaceMeter.swift in Sources */,
				E8FRB10C29FB849800B4FF69 /* Monster.swift in Sources */,
				E8FRB10D29FB849800B4FF69 /* RankingFeature.swift in Sources */,
				E8FRB10E29FB849800B4FF69 /* RankingView.swift in Sources */,
				E8FRB10F29FB849800B4FF69 /* FaceCaptureEngine.swift in Sources */,
				E8FRB11029FB849800B4FF69 /* PreviewLayerHost.swift in Sources */,
				E8FRB11129FB849800B4FF69 /* FaceCaptureView.swift in Sources */,
				E8FRB11229FB849800B4FF69 /* FaceResultFeature.swift in Sources */,
				E8FRB11329FB849800B4FF69 /* FaceResultView.swift in Sources */,
				E8FRB11429FB849800B4FF69 /* NicknameFeature.swift in Sources */,
				E8FRB11529FB849800B4FF69 /* NicknameView.swift in Sources */,
				E8FRB11629FB849800B4FF69 /* HelpFeature.swift in Sources */,
				E8FRB11729FB849800B4FF69 /* HelpView.swift in Sources */,
				E8FRB11829FB849800B4FF69 /* MonsterPaperFeature.swift in Sources */,
				E8FRB11929FB849800B4FF69 /* MonsterPaperView.swift in Sources */,
				E8FRB11A29FB849800B4FF69 /* AppTheme.swift in Sources */,
				E8FRB11B29FB849800B4FF69 /* GradeAssets.swift in Sources */,
				E8FRB11C29FB849800B4FF69 /* ActivityView.swift in Sources */,
				E8FRB11D29FB849800B4FF69 /* MonsterPosterView.swift in Sources */,
			);
			runOnlyForDeploymentPostprocessing = 0;
		};
/* End PBXSourcesBuildPhase section */

/* Begin PBXVariantGroup section */
		CB9E777F28BBFB000072DB9A /* InfoPlist.strings */ = {
			isa = PBXVariantGroup;
			children = (
				E8F1A02029FB849800B4FF69 /* en */,
				E8F1A02129FB849800B4FF69 /* ja */,
				CB9E778028BBFB1C0072DB9A /* ko */,
				E8F1A02229FB849800B4FF69 /* zh-Hans */,
				E8F1A06829FB849800B4FF69 /* zh-Hant */,
			);
			name = InfoPlist.strings;
			sourceTree = "<group>";
		};
		CBFCDC2828B3684E004BCB27 /* LaunchScreen.storyboard */ = {
			isa = PBXVariantGroup;
			children = (
				CBFCDC2928B3684E004BCB27 /* Base */,
			);
			name = LaunchScreen.storyboard;
			sourceTree = "<group>";
		};
/* End PBXVariantGroup section */

/* Begin XCBuildConfiguration section */
		CBFCDC2C28B3684E004BCB27 /* Debug */ = {
			isa = XCBuildConfiguration;
			buildSettings = {
				ALWAYS_SEARCH_USER_PATHS = NO;
				CLANG_ANALYZER_LOCALIZABILITY_NONLOCALIZED = YES;
				CLANG_ANALYZER_NONNULL = YES;
				CLANG_ANALYZER_NUMBER_OBJECT_CONVERSION = YES_AGGRESSIVE;
				CLANG_CXX_LANGUAGE_STANDARD = "gnu++17";
				CLANG_ENABLE_MODULES = YES;
				CLANG_ENABLE_OBJC_ARC = YES;
				CLANG_ENABLE_OBJC_WEAK = YES;
				CLANG_WARN_BLOCK_CAPTURE_AUTORELEASING = YES;
				CLANG_WARN_BOOL_CONVERSION = YES;
				CLANG_WARN_COMMA = YES;
				CLANG_WARN_CONSTANT_CONVERSION = YES;
				CLANG_WARN_DEPRECATED_OBJC_IMPLEMENTATIONS = YES;
				CLANG_WARN_DIRECT_OBJC_ISA_USAGE = YES_ERROR;
				CLANG_WARN_DOCUMENTATION_COMMENTS = YES;
				CLANG_WARN_EMPTY_BODY = YES;
				CLANG_WARN_ENUM_CONVERSION = YES;
				CLANG_WARN_INFINITE_RECURSION = YES;
				CLANG_WARN_INT_CONVERSION = YES;
				CLANG_WARN_NON_LITERAL_NULL_CONVERSION = YES;
				CLANG_WARN_OBJC_IMPLICIT_RETAIN_SELF = YES;
				CLANG_WARN_OBJC_LITERAL_CONVERSION = YES;
				CLANG_WARN_OBJC_ROOT_CLASS = YES_ERROR;
				CLANG_WARN_QUOTED_INCLUDE_IN_FRAMEWORK_HEADER = YES;
				CLANG_WARN_RANGE_LOOP_ANALYSIS = YES;
				CLANG_WARN_STRICT_PROTOTYPES = YES;
				CLANG_WARN_SUSPICIOUS_MOVE = YES;
				CLANG_WARN_UNGUARDED_AVAILABILITY = YES_AGGRESSIVE;
				CLANG_WARN_UNREACHABLE_CODE = YES;
				CLANG_WARN__DUPLICATE_METHOD_MATCH = YES;
				COPY_PHASE_STRIP = NO;
				DEBUG_INFORMATION_FORMAT = dwarf;
				ENABLE_STRICT_OBJC_MSGSEND = YES;
				ENABLE_TESTABILITY = YES;
				GCC_C_LANGUAGE_STANDARD = gnu11;
				GCC_DYNAMIC_NO_PIC = NO;
				GCC_NO_COMMON_BLOCKS = YES;
				GCC_OPTIMIZATION_LEVEL = 0;
				GCC_PREPROCESSOR_DEFINITIONS = (
					"DEBUG=1",
					"$(inherited)",
				);
				GCC_WARN_64_TO_32_BIT_CONVERSION = YES;
				GCC_WARN_ABOUT_RETURN_TYPE = YES_ERROR;
				GCC_WARN_UNDECLARED_SELECTOR = YES;
				GCC_WARN_UNINITIALIZED_AUTOS = YES_AGGRESSIVE;
				GCC_WARN_UNUSED_FUNCTION = YES;
				GCC_WARN_UNUSED_VARIABLE = YES;
				IPHONEOS_DEPLOYMENT_TARGET = 18.0;
				MTL_ENABLE_DEBUG_INFO = INCLUDE_SOURCE;
				MTL_FAST_MATH = YES;
				ONLY_ACTIVE_ARCH = YES;
				SDKROOT = iphoneos;
				SWIFT_ACTIVE_COMPILATION_CONDITIONS = DEBUG;
				SWIFT_OPTIMIZATION_LEVEL = "-Onone";
			};
			name = Debug;
		};
		CBFCDC2D28B3684E004BCB27 /* Release */ = {
			isa = XCBuildConfiguration;
			buildSettings = {
				ALWAYS_SEARCH_USER_PATHS = NO;
				CLANG_ANALYZER_LOCALIZABILITY_NONLOCALIZED = YES;
				CLANG_ANALYZER_NONNULL = YES;
				CLANG_ANALYZER_NUMBER_OBJECT_CONVERSION = YES_AGGRESSIVE;
				CLANG_CXX_LANGUAGE_STANDARD = "gnu++17";
				CLANG_ENABLE_MODULES = YES;
				CLANG_ENABLE_OBJC_ARC = YES;
				CLANG_ENABLE_OBJC_WEAK = YES;
				CLANG_WARN_BLOCK_CAPTURE_AUTORELEASING = YES;
				CLANG_WARN_BOOL_CONVERSION = YES;
				CLANG_WARN_COMMA = YES;
				CLANG_WARN_CONSTANT_CONVERSION = YES;
				CLANG_WARN_DEPRECATED_OBJC_IMPLEMENTATIONS = YES;
				CLANG_WARN_DIRECT_OBJC_ISA_USAGE = YES_ERROR;
				CLANG_WARN_DOCUMENTATION_COMMENTS = YES;
				CLANG_WARN_EMPTY_BODY = YES;
				CLANG_WARN_ENUM_CONVERSION = YES;
				CLANG_WARN_INFINITE_RECURSION = YES;
				CLANG_WARN_INT_CONVERSION = YES;
				CLANG_WARN_NON_LITERAL_NULL_CONVERSION = YES;
				CLANG_WARN_OBJC_IMPLICIT_RETAIN_SELF = YES;
				CLANG_WARN_OBJC_LITERAL_CONVERSION = YES;
				CLANG_WARN_OBJC_ROOT_CLASS = YES_ERROR;
				CLANG_WARN_QUOTED_INCLUDE_IN_FRAMEWORK_HEADER = YES;
				CLANG_WARN_RANGE_LOOP_ANALYSIS = YES;
				CLANG_WARN_STRICT_PROTOTYPES = YES;
				CLANG_WARN_SUSPICIOUS_MOVE = YES;
				CLANG_WARN_UNGUARDED_AVAILABILITY = YES_AGGRESSIVE;
				CLANG_WARN_UNREACHABLE_CODE = YES;
				CLANG_WARN__DUPLICATE_METHOD_MATCH = YES;
				COPY_PHASE_STRIP = NO;
				DEBUG_INFORMATION_FORMAT = "dwarf-with-dsym";
				ENABLE_NS_ASSERTIONS = NO;
				ENABLE_STRICT_OBJC_MSGSEND = YES;
				GCC_C_LANGUAGE_STANDARD = gnu11;
				GCC_NO_COMMON_BLOCKS = YES;
				GCC_WARN_64_TO_32_BIT_CONVERSION = YES;
				GCC_WARN_ABOUT_RETURN_TYPE = YES_ERROR;
				GCC_WARN_UNDECLARED_SELECTOR = YES;
				GCC_WARN_UNINITIALIZED_AUTOS = YES_AGGRESSIVE;
				GCC_WARN_UNUSED_FUNCTION = YES;
				GCC_WARN_UNUSED_VARIABLE = YES;
				IPHONEOS_DEPLOYMENT_TARGET = 18.0;
				MTL_ENABLE_DEBUG_INFO = NO;
				MTL_FAST_MATH = YES;
				SDKROOT = iphoneos;
				SWIFT_COMPILATION_MODE = wholemodule;
				SWIFT_OPTIMIZATION_LEVEL = "-O";
				VALIDATE_PRODUCT = YES;
			};
			name = Release;
		};
		CBFCDC2F28B3684E004BCB27 /* Debug */ = {
			isa = XCBuildConfiguration;
			baseConfigurationReference = E8F1A08629FB849800B4FF69 /* FaceReader.debug.xcconfig */;
			buildSettings = {
				ASSETCATALOG_COMPILER_APPICON_NAME = AppIcon;
				ASSETCATALOG_COMPILER_GLOBAL_ACCENT_COLOR_NAME = AccentColor;
				CODE_SIGN_STYLE = Automatic;
				CURRENT_PROJECT_VERSION = 202209021;
				DEVELOPMENT_TEAM = 3Y8YH8GWMM;
				GENERATE_INFOPLIST_FILE = YES;
				INFOPLIST_FILE = FaceReader/Global/Support/Info.plist;
				INFOPLIST_KEY_LSApplicationCategoryType = "public.app-category.entertainment";
				INFOPLIST_KEY_NSCameraUsageDescription = "Filming is required to measure the face ratio. Pictures are not stored in a specific space.";
				INFOPLIST_KEY_NSPhotoLibraryAddUsageDescription = "Save Image";
				INFOPLIST_KEY_UIApplicationSupportsIndirectInputEvents = YES;
				INFOPLIST_KEY_UILaunchStoryboardName = LaunchScreen;
				INFOPLIST_KEY_UISupportedInterfaceOrientations = UIInterfaceOrientationPortrait;
				INFOPLIST_KEY_UISupportedInterfaceOrientations_iPad = "UIInterfaceOrientationLandscapeLeft UIInterfaceOrientationLandscapeRight UIInterfaceOrientationPortrait UIInterfaceOrientationPortraitUpsideDown";
				IPHONEOS_DEPLOYMENT_TARGET = 18.0;
				LD_RUNPATH_SEARCH_PATHS = (
					"$(inherited)",
					"@executable_path/Frameworks",
				);
				MARKETING_VERSION = 2.1.0;
				PRODUCT_BUNDLE_IDENTIFIER = com.coby.FaceReader;
				PRODUCT_NAME = "$(TARGET_NAME)";
				SUPPORTED_PLATFORMS = "iphoneos iphonesimulator";
				SUPPORTS_MACCATALYST = NO;
				SUPPORTS_MAC_DESIGNED_FOR_IPHONE_IPAD = NO;
				SWIFT_EMIT_LOC_STRINGS = YES;
				SWIFT_VERSION = 5.0;
				TARGETED_DEVICE_FAMILY = 1;
			};
			name = Debug;
		};
		CBFCDC3028B3684E004BCB27 /* Release */ = {
			isa = XCBuildConfiguration;
			baseConfigurationReference = E8F1A08729FB849800B4FF69 /* FaceReader.release.xcconfig */;
			buildSettings = {
				ASSETCATALOG_COMPILER_APPICON_NAME = AppIcon;
				ASSETCATALOG_COMPILER_GLOBAL_ACCENT_COLOR_NAME = AccentColor;
				CODE_SIGN_STYLE = Automatic;
				CURRENT_PROJECT_VERSION = 202209021;
				DEVELOPMENT_TEAM = 3Y8YH8GWMM;
				GENERATE_INFOPLIST_FILE = YES;
				INFOPLIST_FILE = FaceReader/Global/Support/Info.plist;
				INFOPLIST_KEY_LSApplicationCategoryType = "public.app-category.entertainment";
				INFOPLIST_KEY_NSCameraUsageDescription = "Filming is required to measure the face ratio. Pictures are not stored in a specific space.";
				INFOPLIST_KEY_NSPhotoLibraryAddUsageDescription = "Save Image";
				INFOPLIST_KEY_UIApplicationSupportsIndirectInputEvents = YES;
				INFOPLIST_KEY_UILaunchStoryboardName = LaunchScreen;
				INFOPLIST_KEY_UISupportedInterfaceOrientations = UIInterfaceOrientationPortrait;
				INFOPLIST_KEY_UISupportedInterfaceOrientations_iPad = "UIInterfaceOrientationLandscapeLeft UIInterfaceOrientationLandscapeRight UIInterfaceOrientationPortrait UIInterfaceOrientationPortraitUpsideDown";
				IPHONEOS_DEPLOYMENT_TARGET = 18.0;
				LD_RUNPATH_SEARCH_PATHS = (
					"$(inherited)",
					"@executable_path/Frameworks",
				);
				MARKETING_VERSION = 2.1.0;
				PRODUCT_BUNDLE_IDENTIFIER = com.coby.FaceReader;
				PRODUCT_NAME = "$(TARGET_NAME)";
				SUPPORTED_PLATFORMS = "iphoneos iphonesimulator";
				SUPPORTS_MACCATALYST = NO;
				SUPPORTS_MAC_DESIGNED_FOR_IPHONE_IPAD = NO;
				SWIFT_EMIT_LOC_STRINGS = YES;
				SWIFT_VERSION = 5.0;
				TARGETED_DEVICE_FAMILY = 1;
			};
			name = Release;
		};
		E8FENV8529FB849800B4FF69 /* Debug */ = {
			isa = XCBuildConfiguration;
			buildSettings = {
				CODE_SIGN_STYLE = Automatic;
			};
			name = Debug;
		};
		E8FENV8629FB849800B4FF69 /* Release */ = {
			isa = XCBuildConfiguration;
			buildSettings = {
				CODE_SIGN_STYLE = Automatic;
			};
			name = Release;
		};
/* End XCBuildConfiguration section */

/* Begin XCConfigurationList section */
		CBFCDC1528B3684D004BCB27 /* Build configuration list for PBXProject "FaceReader" */ = {
			isa = XCConfigurationList;
			buildConfigurations = (
				CBFCDC2C28B3684E004BCB27 /* Debug */,
				CBFCDC2D28B3684E004BCB27 /* Release */,
			);
			defaultConfigurationIsVisible = 0;
			defaultConfigurationName = Release;
		};
		CBFCDC2E28B3684E004BCB27 /* Build configuration list for PBXNativeTarget "FaceReader" */ = {
			isa = XCConfigurationList;
			buildConfigurations = (
				CBFCDC2F28B3684E004BCB27 /* Debug */,
				CBFCDC3028B3684E004BCB27 /* Release */,
			);
			defaultConfigurationIsVisible = 0;
			defaultConfigurationName = Release;
		};
		E8FENV8729FB849800B4FF69 /* Build configuration list for PBXAggregateTarget "FaceReaderEnv" */ = {
			isa = XCConfigurationList;
			buildConfigurations = (
				E8FENV8529FB849800B4FF69 /* Debug */,
				E8FENV8629FB849800B4FF69 /* Release */,
			);
			defaultConfigurationIsVisible = 0;
			defaultConfigurationName = Release;
		};
/* End XCConfigurationList section */

/* Begin XCLocalSwiftPackageReference section */
		E8F1A00129FB849800B4FF69 /* XCLocalSwiftPackageReference "Packages/FaceReaderLocalization" */ = {
			isa = XCLocalSwiftPackageReference;
			relativePath = Packages/FaceReaderLocalization;
		};
/* End XCLocalSwiftPackageReference section */

/* Begin XCRemoteSwiftPackageReference section */
		E8F1A07929FB849800B4FF69 /* XCRemoteSwiftPackageReference "supabase-swift" */ = {
			isa = XCRemoteSwiftPackageReference;
			repositoryURL = "https://github.com/supabase/supabase-swift";
			requirement = {
				kind = upToNextMajorVersion;
				minimumVersion = 2.0.0;
			};
		};
		E8FRCA8229FB849800B4FF69 /* XCRemoteSwiftPackageReference "swift-composable-architecture" */ = {
			isa = XCRemoteSwiftPackageReference;
			repositoryURL = "https://github.com/pointfreeco/swift-composable-architecture";
			requirement = {
				kind = upToNextMajorVersion;
				minimumVersion = 1.14.0;
			};
		};
/* End XCRemoteSwiftPackageReference section */

/* Begin XCSwiftPackageProductDependency section */
		E8FRCA8129FB849800B4FF69 /* ComposableArchitecture */ = {
			isa = XCSwiftPackageProductDependency;
			package = E8FRCA8229FB849800B4FF69 /* XCRemoteSwiftPackageReference "swift-composable-architecture" */;
			productName = ComposableArchitecture;
		};
		E8F1A07829FB849800B4FF69 /* Supabase */ = {
			isa = XCSwiftPackageProductDependency;
			package = E8F1A07929FB849800B4FF69 /* XCRemoteSwiftPackageReference "supabase-swift" */;
			productName = Supabase;
		};
		E8F1A00329FB849800B4FF69 /* FaceReaderLocalization */ = {
			isa = XCSwiftPackageProductDependency;
			package = E8F1A00129FB849800B4FF69 /* XCLocalSwiftPackageReference "Packages/FaceReaderLocalization" */;
			productName = FaceReaderLocalization;
		};
/* End XCSwiftPackageProductDependency section */
	};
	rootObject = CBFCDC1228B3684D004BCB27 /* Project object */;
}
